// !$*UTF8*$!
{
	archiveVersion = 1;
	classes = {
	};
	objectVersion = 50;
	objects = {

/* Begin PBXBuildFile section */
		CB2ED11F22EA47AA008F0C91 /* MemoryMappedCollectionsMacOS.h in Headers */ = {isa = PBXBuildFile; fileRef = CB2ED11D22EA47AA008F0C91 /* MemoryMappedCollectionsMacOS.h */; settings = {ATTRIBUTES = (Public, ); }; };
		CB2ED12322EA4848008F0C91 /* MemoryMappedCollections.h in Headers */ = {isa = PBXBuildFile; fileRef = CBDFC9C62229F15E00C5E282 /* MemoryMappedCollections.h */; settings = {ATTRIBUTES = (Public, ); }; };
		CB2ED12422EA484D008F0C91 /* MMStringIntDictionary.h in Headers */ = {isa = PBXBuildFile; fileRef = CBDFC9E9222A7D8B00C5E282 /* MMStringIntDictionary.h */; settings = {ATTRIBUTES = (Public, ); }; };
		CB2ED12522EA4852008F0C91 /* MMStringIntDictionary.mm in Sources */ = {isa = PBXBuildFile; fileRef = CBDFC9EA222A7D8B00C5E282 /* MMStringIntDictionary.mm */; };
		CB2ED12622EA4854008F0C91 /* MMStringIntDictionaryBuilder.h in Headers */ = {isa = PBXBuildFile; fileRef = CBDFCA2D222A8DEA00C5E282 /* MMStringIntDictionaryBuilder.h */; settings = {ATTRIBUTES = (Public, ); }; };
		CB2ED12722EA4858008F0C91 /* MMStringIntDictionaryBuilder.mm in Sources */ = {isa = PBXBuildFile; fileRef = CBDFCA2E222A8DEA00C5E282 /* MMStringIntDictionaryBuilder.mm */; };
		CB2ED12822EA485B008F0C91 /* schema_generated.h in Headers */ = {isa = PBXBuildFile; fileRef = CBDFC9E7222A7D1900C5E282 /* schema_generated.h */; };
		CB2ED12922EA4860008F0C91 /* schema.fbs in Resources */ = {isa = PBXBuildFile; fileRef = CBDFC9E5222A79DB00C5E282 /* schema.fbs */; };
		CB2ED12A22EA4866008F0C91 /* grpc.h in Headers */ = {isa = PBXBuildFile; fileRef = CBDFCA0D222A803000C5E282 /* grpc.h */; };
		CB2ED12B22EA4876008F0C91 /* idl.h in Headers */ = {isa = PBXBuildFile; fileRef = CBDFCA0E222A803000C5E282 /* idl.h */; };
		CB2ED12C22EA4876008F0C91 /* reflection_generated.h in Headers */ = {isa = PBXBuildFile; fileRef = CBDFCA0F222A803000C5E282 /* reflection_generated.h */; };
		CB2ED12D22EA4876008F0C91 /* registry.h in Headers */ = {isa = PBXBuildFile; fileRef = CBDFCA10222A803000C5E282 /* registry.h */; };
		CB2ED12E22EA4876008F0C91 /* flatbuffers.h in Headers */ = {isa = PBXBuildFile; fileRef = CBDFCA11222A803000C5E282 /* flatbuffers.h */; };
		CB2ED12F22EA4876008F0C91 /* flatc.h in Headers */ = {isa = PBXBuildFile; fileRef = CBDFCA12222A803000C5E282 /* flatc.h */; };
		CB2ED13022EA4876008F0C91 /* flexbuffers.h in Headers */ = {isa = PBXBuildFile; fileRef = CBDFCA13222A803000C5E282 /* flexbuffers.h */; };
		CB2ED13122EA4876008F0C91 /* minireflect.h in Headers */ = {isa = PBXBuildFile; fileRef = CBDFCA14222A803000C5E282 /* minireflect.h */; };
		CB2ED13222EA4876008F0C91 /* util.h in Headers */ = {isa = PBXBuildFile; fileRef = CBDFCA15222A803000C5E282 /* util.h */; };
		CB2ED13322EA4876008F0C91 /* code_generators.h in Headers */ = {isa = PBXBuildFile; fileRef = CBDFCA16222A803000C5E282 /* code_generators.h */; };
		CB2ED13422EA4876008F0C91 /* stl_emulation.h in Headers */ = {isa = PBXBuildFile; fileRef = CBDFCA17222A803000C5E282 /* stl_emulation.h */; };
		CB2ED13522EA4876008F0C91 /* hash.h in Headers */ = {isa = PBXBuildFile; fileRef = CBDFCA18222A803000C5E282 /* hash.h */; };
		CB2ED13622EA4876008F0C91 /* reflection.h in Headers */ = {isa = PBXBuildFile; fileRef = CBDFCA19222A803000C5E282 /* reflection.h */; };
		CB2ED13722EA4876008F0C91 /* base.h in Headers */ = {isa = PBXBuildFile; fileRef = CBDFCA1A222A803000C5E282 /* base.h */; };
		CB2ED13A22EA48F7008F0C91 /* MemoryMappedCollections.framework in Frameworks */ = {isa = PBXBuildFile; fileRef = CB2ED11B22EA47AA008F0C91 /* MemoryMappedCollections.framework */; };
		CB61FFA7222304E700E21B14 /* TextClassification.h in Headers */ = {isa = PBXBuildFile; fileRef = CB61FF99222304E700E21B14 /* TextClassification.h */; settings = {ATTRIBUTES = (Public, ); }; };
		CB61FFB72223180200E21B14 /* Dataset.swift in Sources */ = {isa = PBXBuildFile; fileRef = CB61FFB62223180200E21B14 /* Dataset.swift */; };
		CB61FFB922232AE600E21B14 /* SQLite.framework in Frameworks */ = {isa = PBXBuildFile; fileRef = CB61FFB822232AE600E21B14 /* SQLite.framework */; };
		CB61FFBD22232F8300E21B14 /* SQLiteDataset.swift in Sources */ = {isa = PBXBuildFile; fileRef = CB61FFBC22232F8300E21B14 /* SQLiteDataset.swift */; };
		CB61FFC42223313E00E21B14 /* TextClassifier.swift in Sources */ = {isa = PBXBuildFile; fileRef = CB61FFC32223313E00E21B14 /* TextClassifier.swift */; };
		CB61FFC9222335B500E21B14 /* LanguageRecognizerClassifier.swift in Sources */ = {isa = PBXBuildFile; fileRef = CB61FFC8222335B500E21B14 /* LanguageRecognizerClassifier.swift */; };
		CB61FFD4222525E200E21B14 /* CoreMLClassifier.swift in Sources */ = {isa = PBXBuildFile; fileRef = CB61FFD3222525E200E21B14 /* CoreMLClassifier.swift */; };
		CBDFC9D62229F15E00C5E282 /* MemoryMappedCollections.h in Headers */ = {isa = PBXBuildFile; fileRef = CBDFC9C62229F15E00C5E282 /* MemoryMappedCollections.h */; settings = {ATTRIBUTES = (Public, ); }; };
		CBDFC9D92229F15E00C5E282 /* MemoryMappedCollections.framework in Frameworks */ = {isa = PBXBuildFile; fileRef = CBDFC9C42229F15D00C5E282 /* MemoryMappedCollections.framework */; };
		CBDFC9DA2229F15E00C5E282 /* MemoryMappedCollections.framework in Embed Frameworks */ = {isa = PBXBuildFile; fileRef = CBDFC9C42229F15D00C5E282 /* MemoryMappedCollections.framework */; settings = {ATTRIBUTES = (CodeSignOnCopy, RemoveHeadersOnCopy, ); }; };
		CBDFC9E6222A79DB00C5E282 /* schema.fbs in Resources */ = {isa = PBXBuildFile; fileRef = CBDFC9E5222A79DB00C5E282 /* schema.fbs */; };
		CBDFC9E8222A7D1900C5E282 /* schema_generated.h in Headers */ = {isa = PBXBuildFile; fileRef = CBDFC9E7222A7D1900C5E282 /* schema_generated.h */; };
		CBDFC9EB222A7D8B00C5E282 /* MMStringIntDictionary.h in Headers */ = {isa = PBXBuildFile; fileRef = CBDFC9E9222A7D8B00C5E282 /* MMStringIntDictionary.h */; settings = {ATTRIBUTES = (Public, ); }; };
		CBDFC9EC222A7D8B00C5E282 /* MMStringIntDictionary.mm in Sources */ = {isa = PBXBuildFile; fileRef = CBDFC9EA222A7D8B00C5E282 /* MMStringIntDictionary.mm */; };
		CBDFCA1B222A803000C5E282 /* grpc.h in Headers */ = {isa = PBXBuildFile; fileRef = CBDFCA0D222A803000C5E282 /* grpc.h */; };
		CBDFCA1C222A803000C5E282 /* idl.h in Headers */ = {isa = PBXBuildFile; fileRef = CBDFCA0E222A803000C5E282 /* idl.h */; };
		CBDFCA1D222A803000C5E282 /* reflection_generated.h in Headers */ = {isa = PBXBuildFile; fileRef = CBDFCA0F222A803000C5E282 /* reflection_generated.h */; };
		CBDFCA1E222A803000C5E282 /* registry.h in Headers */ = {isa = PBXBuildFile; fileRef = CBDFCA10222A803000C5E282 /* registry.h */; };
		CBDFCA1F222A803000C5E282 /* flatbuffers.h in Headers */ = {isa = PBXBuildFile; fileRef = CBDFCA11222A803000C5E282 /* flatbuffers.h */; };
		CBDFCA20222A803000C5E282 /* flatc.h in Headers */ = {isa = PBXBuildFile; fileRef = CBDFCA12222A803000C5E282 /* flatc.h */; };
		CBDFCA21222A803000C5E282 /* flexbuffers.h in Headers */ = {isa = PBXBuildFile; fileRef = CBDFCA13222A803000C5E282 /* flexbuffers.h */; };
		CBDFCA22222A803000C5E282 /* minireflect.h in Headers */ = {isa = PBXBuildFile; fileRef = CBDFCA14222A803000C5E282 /* minireflect.h */; };
		CBDFCA23222A803000C5E282 /* util.h in Headers */ = {isa = PBXBuildFile; fileRef = CBDFCA15222A803000C5E282 /* util.h */; };
		CBDFCA24222A803000C5E282 /* code_generators.h in Headers */ = {isa = PBXBuildFile; fileRef = CBDFCA16222A803000C5E282 /* code_generators.h */; };
		CBDFCA25222A803000C5E282 /* stl_emulation.h in Headers */ = {isa = PBXBuildFile; fileRef = CBDFCA17222A803000C5E282 /* stl_emulation.h */; };
		CBDFCA26222A803000C5E282 /* hash.h in Headers */ = {isa = PBXBuildFile; fileRef = CBDFCA18222A803000C5E282 /* hash.h */; };
		CBDFCA27222A803000C5E282 /* reflection.h in Headers */ = {isa = PBXBuildFile; fileRef = CBDFCA19222A803000C5E282 /* reflection.h */; };
		CBDFCA28222A803000C5E282 /* base.h in Headers */ = {isa = PBXBuildFile; fileRef = CBDFCA1A222A803000C5E282 /* base.h */; };
		CBDFCA2F222A8DEA00C5E282 /* MMStringIntDictionaryBuilder.h in Headers */ = {isa = PBXBuildFile; fileRef = CBDFCA2D222A8DEA00C5E282 /* MMStringIntDictionaryBuilder.h */; settings = {ATTRIBUTES = (Public, ); }; };
		CBDFCA30222A8DEA00C5E282 /* MMStringIntDictionaryBuilder.mm in Sources */ = {isa = PBXBuildFile; fileRef = CBDFCA2E222A8DEA00C5E282 /* MMStringIntDictionaryBuilder.mm */; };
		CBDFCA3A222A937700C5E282 /* MemoryMappedCollections.framework in Frameworks */ = {isa = PBXBuildFile; fileRef = CBDFC9C42229F15D00C5E282 /* MemoryMappedCollections.framework */; };
		CBDFCA43222A938F00C5E282 /* MMStringIntDictionaryTests.swift in Sources */ = {isa = PBXBuildFile; fileRef = CBDFCA41222A938F00C5E282 /* MMStringIntDictionaryTests.swift */; };
		CBDFCA48222A98BB00C5E282 /* MemoryMappedCollections.framework in Frameworks */ = {isa = PBXBuildFile; fileRef = CBDFC9C42229F15D00C5E282 /* MemoryMappedCollections.framework */; };
		CBDFCA4C222A99B200C5E282 /* MemoryMappedNaiveBayesClassifier.swift in Sources */ = {isa = PBXBuildFile; fileRef = CBF4C8F02229E5FB00CDF6F9 /* MemoryMappedNaiveBayesClassifier.swift */; };
		CBDFCA4F222AA27000C5E282 /* MemoryMappedNaiveBayesClassifierTests.swift in Sources */ = {isa = PBXBuildFile; fileRef = CBDFCA4E222AA27000C5E282 /* MemoryMappedNaiveBayesClassifierTests.swift */; };
		CBDFCA53222AA64200C5E282 /* MemoryMappedBayes.model in Resources */ = {isa = PBXBuildFile; fileRef = CBDFCA51222AA44100C5E282 /* MemoryMappedBayes.model */; };
		CBDFCA54222AA64300C5E282 /* MemoryMappedBayes.model in Resources */ = {isa = PBXBuildFile; fileRef = CBDFCA51222AA44100C5E282 /* MemoryMappedBayes.model */; };
		CBDFCA57222ADFB400C5E282 /* AdvancedPreprocessor.swift in Sources */ = {isa = PBXBuildFile; fileRef = CBDFCA55222ADF8F00C5E282 /* AdvancedPreprocessor.swift */; };
		CBDFCA58222ADFB500C5E282 /* AdvancedPreprocessor.swift in Sources */ = {isa = PBXBuildFile; fileRef = CBDFCA55222ADF8F00C5E282 /* AdvancedPreprocessor.swift */; };
		CBDFCA5C222AE54B00C5E282 /* TrivialPreprocessorTests.swift in Sources */ = {isa = PBXBuildFile; fileRef = CBDFCA5B222AE54B00C5E282 /* TrivialPreprocessorTests.swift */; };
		CBDFCA5F222AE6E600C5E282 /* AdvancedPreprocessorTests.swift in Sources */ = {isa = PBXBuildFile; fileRef = CBDFCA5E222AE6E600C5E282 /* AdvancedPreprocessorTests.swift */; };
		CBF4C84B2225EA9900CDF6F9 /* TextClassificationMacOS.h in Headers */ = {isa = PBXBuildFile; fileRef = CBF4C8492225EA9900CDF6F9 /* TextClassificationMacOS.h */; settings = {ATTRIBUTES = (Public, ); }; };
		CBF4C8582225EAB000CDF6F9 /* TextClassification.framework in Frameworks */ = {isa = PBXBuildFile; fileRef = CBF4C8472225EA9800CDF6F9 /* TextClassification.framework */; };
		CBF4C8612225EB2400CDF6F9 /* SQLite.framework in Frameworks */ = {isa = PBXBuildFile; fileRef = CBF4C8602225EB2400CDF6F9 /* SQLite.framework */; };
		CBF4C8632225EBCC00CDF6F9 /* Dataset.swift in Sources */ = {isa = PBXBuildFile; fileRef = CB61FFB62223180200E21B14 /* Dataset.swift */; };
		CBF4C8642225EBCC00CDF6F9 /* SQLiteDataset.swift in Sources */ = {isa = PBXBuildFile; fileRef = CB61FFBC22232F8300E21B14 /* SQLiteDataset.swift */; };
		CBF4C8652225EBCC00CDF6F9 /* TextClassifier.swift in Sources */ = {isa = PBXBuildFile; fileRef = CB61FFC32223313E00E21B14 /* TextClassifier.swift */; };
		CBF4C8662225EBCC00CDF6F9 /* LanguageRecognizerClassifier.swift in Sources */ = {isa = PBXBuildFile; fileRef = CB61FFC8222335B500E21B14 /* LanguageRecognizerClassifier.swift */; };
		CBF4C8672225EBCC00CDF6F9 /* CoreMLClassifier.swift in Sources */ = {isa = PBXBuildFile; fileRef = CB61FFD3222525E200E21B14 /* CoreMLClassifier.swift */; };
		CBF4C86A2225EC2000CDF6F9 /* Dataset+MLDataTable.swift in Sources */ = {isa = PBXBuildFile; fileRef = CBF4C8692225EC2000CDF6F9 /* Dataset+MLDataTable.swift */; };
		CBF4C86F2225EC9500CDF6F9 /* CoreMLClassifier+CreateML.swift in Sources */ = {isa = PBXBuildFile; fileRef = CBF4C86E2225EC9500CDF6F9 /* CoreMLClassifier+CreateML.swift */; };
		CBF4C8762225F20B00CDF6F9 /* TestDatasets.swift in Sources */ = {isa = PBXBuildFile; fileRef = CB61FFCF2223390C00E21B14 /* TestDatasets.swift */; };
		CBF4C8772225F20C00CDF6F9 /* TestResults.swift in Sources */ = {isa = PBXBuildFile; fileRef = CB61FFD122233A3200E21B14 /* TestResults.swift */; };
		CBF4C8782225F20C00CDF6F9 /* TestBundleSettings.swift in Sources */ = {isa = PBXBuildFile; fileRef = CBF4C8402225E5F500CDF6F9 /* TestBundleSettings.swift */; };
		CBF4C8792225F20C00CDF6F9 /* TextClassifierExtensions.swift in Sources */ = {isa = PBXBuildFile; fileRef = CB61FFCA222336AB00E21B14 /* TextClassifierExtensions.swift */; };
		CBF4C87A2225F20C00CDF6F9 /* spamer.db in Resources */ = {isa = PBXBuildFile; fileRef = CB61FFBE22232FB200E21B14 /* spamer.db */; };
		CBF4C87C2225F23200CDF6F9 /* BaseClassifierTestCase.swift in Sources */ = {isa = PBXBuildFile; fileRef = CBF4C8722225F12300CDF6F9 /* BaseClassifierTestCase.swift */; };
		CBF4C87F2226878800CDF6F9 /* RAMDataset.swift in Sources */ = {isa = PBXBuildFile; fileRef = CBF4C87D2226877000CDF6F9 /* RAMDataset.swift */; };
		CBF4C88222271CFC00CDF6F9 /* RAMDataset.swift in Sources */ = {isa = PBXBuildFile; fileRef = CBF4C87D2226877000CDF6F9 /* RAMDataset.swift */; };
		CBF4C88522271DDC00CDF6F9 /* NaiveBayesClassifier.swift in Sources */ = {isa = PBXBuildFile; fileRef = CBF4C88322271DCD00CDF6F9 /* NaiveBayesClassifier.swift */; };
		CBF4C88622271DDD00CDF6F9 /* NaiveBayesClassifier.swift in Sources */ = {isa = PBXBuildFile; fileRef = CBF4C88322271DCD00CDF6F9 /* NaiveBayesClassifier.swift */; };
		CBF4C88A22271F0900CDF6F9 /* Preprocessor.swift in Sources */ = {isa = PBXBuildFile; fileRef = CBF4C88722271ED200CDF6F9 /* Preprocessor.swift */; };
		CBF4C88B22271F0A00CDF6F9 /* Preprocessor.swift in Sources */ = {isa = PBXBuildFile; fileRef = CBF4C88722271ED200CDF6F9 /* Preprocessor.swift */; };
		CBF4C88E22271F8900CDF6F9 /* TrivialPreprocessor.swift in Sources */ = {isa = PBXBuildFile; fileRef = CBF4C88C22271F7A00CDF6F9 /* TrivialPreprocessor.swift */; };
		CBF4C89022271FAD00CDF6F9 /* TrivialPreprocessor.swift in Sources */ = {isa = PBXBuildFile; fileRef = CBF4C88C22271F7A00CDF6F9 /* TrivialPreprocessor.swift */; };
		CBF4C89422272F6700CDF6F9 /* SQLiteDatasetTests.swift in Sources */ = {isa = PBXBuildFile; fileRef = CB61FFBA22232F7200E21B14 /* SQLiteDatasetTests.swift */; };
		CBF4C89522272F6700CDF6F9 /* LanguageRecognizerClassifierTests.swift in Sources */ = {isa = PBXBuildFile; fileRef = CB61FFCD222338D900E21B14 /* LanguageRecognizerClassifierTests.swift */; };
		CBF4C89622272F6700CDF6F9 /* CoreMLClassifier+CreateMLTests.swift in Sources */ = {isa = PBXBuildFile; fileRef = CBF4C8702225EF0200CDF6F9 /* CoreMLClassifier+CreateMLTests.swift */; };
		CBF4C89722272F6700CDF6F9 /* NaiveBayesClassifierTests.swift in Sources */ = {isa = PBXBuildFile; fileRef = CBF4C89122272CBD00CDF6F9 /* NaiveBayesClassifierTests.swift */; };
		CBF4C89F22273ECA00CDF6F9 /* AppDelegate.swift in Sources */ = {isa = PBXBuildFile; fileRef = CBF4C89E22273ECA00CDF6F9 /* AppDelegate.swift */; };
		CBF4C8A422273ECA00CDF6F9 /* Main.storyboard in Resources */ = {isa = PBXBuildFile; fileRef = CBF4C8A222273ECA00CDF6F9 /* Main.storyboard */; };
		CBF4C8A622273ECC00CDF6F9 /* Assets.xcassets in Resources */ = {isa = PBXBuildFile; fileRef = CBF4C8A522273ECC00CDF6F9 /* Assets.xcassets */; };
		CBF4C8A922273ECC00CDF6F9 /* LaunchScreen.storyboard in Resources */ = {isa = PBXBuildFile; fileRef = CBF4C8A722273ECC00CDF6F9 /* LaunchScreen.storyboard */; };
		CBF4C8B522273EE600CDF6F9 /* MessageFilterExtension.swift in Sources */ = {isa = PBXBuildFile; fileRef = CBF4C8B422273EE600CDF6F9 /* MessageFilterExtension.swift */; };
		CBF4C8B922273EE600CDF6F9 /* MessageFilteringExtension.appex in Embed App Extensions */ = {isa = PBXBuildFile; fileRef = CBF4C8B222273EE600CDF6F9 /* MessageFilteringExtension.appex */; settings = {ATTRIBUTES = (RemoveHeadersOnCopy, ); }; };
		CBF4C8C922289E4200CDF6F9 /* ClassifiersComparisonViewController.swift in Sources */ = {isa = PBXBuildFile; fileRef = CBF4C8C822289E4200CDF6F9 /* ClassifiersComparisonViewController.swift */; };
		CBF4C8CD22289E6F00CDF6F9 /* ClassifierComparisonTextInputCell.swift in Sources */ = {isa = PBXBuildFile; fileRef = CBF4C8CC22289E6F00CDF6F9 /* ClassifierComparisonTextInputCell.swift */; };
		CBF4C8D322289F2400CDF6F9 /* ClassifierComparisonResultCell.swift in Sources */ = {isa = PBXBuildFile; fileRef = CBF4C8D222289F2400CDF6F9 /* ClassifierComparisonResultCell.swift */; };
		CBF4C8D72228A16E00CDF6F9 /* ClassificationComparisonModel.swift in Sources */ = {isa = PBXBuildFile; fileRef = CBF4C8D62228A16E00CDF6F9 /* ClassificationComparisonModel.swift */; };
		CBF4C8DD2228A19800CDF6F9 /* TextClassification.framework in Frameworks */ = {isa = PBXBuildFile; fileRef = CB61FF96222304E700E21B14 /* TextClassification.framework */; };
		CBF4C8E12228A2ED00CDF6F9 /* CoreMLLanguageClassifier.mlmodel in Sources */ = {isa = PBXBuildFile; fileRef = CBF4C8E02228A2ED00CDF6F9 /* CoreMLLanguageClassifier.mlmodel */; };
		CBF4C8E22228A2ED00CDF6F9 /* CoreMLLanguageClassifier.mlmodel in Sources */ = {isa = PBXBuildFile; fileRef = CBF4C8E02228A2ED00CDF6F9 /* CoreMLLanguageClassifier.mlmodel */; };
		CBF4C8E42228A84500CDF6F9 /* NaiveBayes.model in Resources */ = {isa = PBXBuildFile; fileRef = CBF4C8E32228A84500CDF6F9 /* NaiveBayes.model */; };
		CBF4C8E52228A84500CDF6F9 /* NaiveBayes.model in Resources */ = {isa = PBXBuildFile; fileRef = CBF4C8E32228A84500CDF6F9 /* NaiveBayes.model */; };
		CBF4C8E92229DDF200CDF6F9 /* TextClassification.framework in Frameworks */ = {isa = PBXBuildFile; fileRef = CB61FF96222304E700E21B14 /* TextClassification.framework */; };
		CBF4C8EA2229DDF200CDF6F9 /* TextClassification.framework in Embed Frameworks */ = {isa = PBXBuildFile; fileRef = CB61FF96222304E700E21B14 /* TextClassification.framework */; settings = {ATTRIBUTES = (CodeSignOnCopy, RemoveHeadersOnCopy, ); }; };
		CBF4C8EE2229DE1100CDF6F9 /* SQLite.framework in Frameworks */ = {isa = PBXBuildFile; fileRef = CB61FFB822232AE600E21B14 /* SQLite.framework */; };
		CBF4C8EF2229DE1100CDF6F9 /* SQLite.framework in Embed Frameworks */ = {isa = PBXBuildFile; fileRef = CB61FFB822232AE600E21B14 /* SQLite.framework */; settings = {ATTRIBUTES = (CodeSignOnCopy, RemoveHeadersOnCopy, ); }; };
		CBF4C8F52229E6DA00CDF6F9 /* MemoryMappedNaiveBayesClassifier.swift in Sources */ = {isa = PBXBuildFile; fileRef = CBF4C8F02229E5FB00CDF6F9 /* MemoryMappedNaiveBayesClassifier.swift */; };
/* End PBXBuildFile section */

/* Begin PBXContainerItemProxy section */
		CB2ED13822EA48EE008F0C91 /* PBXContainerItemProxy */ = {
			isa = PBXContainerItemProxy;
			containerPortal = CB61FF8D222304E700E21B14 /* Project object */;
			proxyType = 1;
			remoteGlobalIDString = CB2ED11A22EA47AA008F0C91;
			remoteInfo = MemoryMappedCollectionsMacOS;
		};
		CBDFC9D72229F15E00C5E282 /* PBXContainerItemProxy */ = {
			isa = PBXContainerItemProxy;
			containerPortal = CB61FF8D222304E700E21B14 /* Project object */;
			proxyType = 1;
			remoteGlobalIDString = CBDFC9C32229F15D00C5E282;
			remoteInfo = MemoryMappedCollections;
		};
		CBDFCA3B222A937700C5E282 /* PBXContainerItemProxy */ = {
			isa = PBXContainerItemProxy;
			containerPortal = CB61FF8D222304E700E21B14 /* Project object */;
			proxyType = 1;
			remoteGlobalIDString = CBDFC9C32229F15D00C5E282;
			remoteInfo = MemoryMappedCollections;
		};
		CBDFCA46222A98B500C5E282 /* PBXContainerItemProxy */ = {
			isa = PBXContainerItemProxy;
			containerPortal = CB61FF8D222304E700E21B14 /* Project object */;
			proxyType = 1;
			remoteGlobalIDString = CBDFC9C32229F15D00C5E282;
			remoteInfo = MemoryMappedCollections;
		};
		CBF4C8592225EAB000CDF6F9 /* PBXContainerItemProxy */ = {
			isa = PBXContainerItemProxy;
			containerPortal = CB61FF8D222304E700E21B14 /* Project object */;
			proxyType = 1;
			remoteGlobalIDString = CBF4C8462225EA9800CDF6F9;
			remoteInfo = TextClassificationMacOS;
		};
		CBF4C8B722273EE600CDF6F9 /* PBXContainerItemProxy */ = {
			isa = PBXContainerItemProxy;
			containerPortal = CB61FF8D222304E700E21B14 /* Project object */;
			proxyType = 1;
			remoteGlobalIDString = CBF4C8B122273EE600CDF6F9;
			remoteInfo = MessageFilteringExtension;
		};
		CBF4C8EB2229DDF200CDF6F9 /* PBXContainerItemProxy */ = {
			isa = PBXContainerItemProxy;
			containerPortal = CB61FF8D222304E700E21B14 /* Project object */;
			proxyType = 1;
			remoteGlobalIDString = CB61FF95222304E700E21B14;
			remoteInfo = TextClassification;
		};
/* End PBXContainerItemProxy section */

/* Begin PBXCopyFilesBuildPhase section */
		CBF4C8BD22273EE600CDF6F9 /* Embed App Extensions */ = {
			isa = PBXCopyFilesBuildPhase;
			buildActionMask = 2147483647;
			dstPath = "";
			dstSubfolderSpec = 13;
			files = (
				CBF4C8B922273EE600CDF6F9 /* MessageFilteringExtension.appex in Embed App Extensions */,
			);
			name = "Embed App Extensions";
			runOnlyForDeploymentPostprocessing = 0;
		};
		CBF4C8ED2229DDF300CDF6F9 /* Embed Frameworks */ = {
			isa = PBXCopyFilesBuildPhase;
			buildActionMask = 2147483647;
			dstPath = "";
			dstSubfolderSpec = 10;
			files = (
				CBDFC9DA2229F15E00C5E282 /* MemoryMappedCollections.framework in Embed Frameworks */,
				CBF4C8EF2229DE1100CDF6F9 /* SQLite.framework in Embed Frameworks */,
				CBF4C8EA2229DDF200CDF6F9 /* TextClassification.framework in Embed Frameworks */,
			);
			name = "Embed Frameworks";
			runOnlyForDeploymentPostprocessing = 0;
		};
/* End PBXCopyFilesBuildPhase section */

/* Begin PBXFileReference section */
		CB2ED11B22EA47AA008F0C91 /* MemoryMappedCollections.framework */ = {isa = PBXFileReference; explicitFileType = wrapper.framework; includeInIndex = 0; path = MemoryMappedCollections.framework; sourceTree = BUILT_PRODUCTS_DIR; };
		CB2ED11D22EA47AA008F0C91 /* MemoryMappedCollectionsMacOS.h */ = {isa = PBXFileReference; lastKnownFileType = sourcecode.c.h; path = MemoryMappedCollectionsMacOS.h; sourceTree = "<group>"; };
		CB2ED11E22EA47AA008F0C91 /* Info.plist */ = {isa = PBXFileReference; lastKnownFileType = text.plist.xml; path = Info.plist; sourceTree = "<group>"; };
		CB61FF96222304E700E21B14 /* TextClassification.framework */ = {isa = PBXFileReference; explicitFileType = wrapper.framework; includeInIndex = 0; path = TextClassification.framework; sourceTree = BUILT_PRODUCTS_DIR; };
		CB61FF99222304E700E21B14 /* TextClassification.h */ = {isa = PBXFileReference; lastKnownFileType = sourcecode.c.h; path = TextClassification.h; sourceTree = "<group>"; };
		CB61FF9A222304E700E21B14 /* Info.plist */ = {isa = PBXFileReference; lastKnownFileType = text.plist.xml; path = Info.plist; sourceTree = "<group>"; };
		CB61FFB02223050600E21B14 /* Cartfile */ = {isa = PBXFileReference; lastKnownFileType = text; path = Cartfile; sourceTree = "<group>"; };
		CB61FFB62223180200E21B14 /* Dataset.swift */ = {isa = PBXFileReference; lastKnownFileType = sourcecode.swift; path = Dataset.swift; sourceTree = "<group>"; };
		CB61FFB822232AE600E21B14 /* SQLite.framework */ = {isa = PBXFileReference; lastKnownFileType = wrapper.framework; name = SQLite.framework; path = Carthage/Build/iOS/SQLite.framework; sourceTree = "<group>"; };
		CB61FFBA22232F7200E21B14 /* SQLiteDatasetTests.swift */ = {isa = PBXFileReference; lastKnownFileType = sourcecode.swift; path = SQLiteDatasetTests.swift; sourceTree = "<group>"; };
		CB61FFBC22232F8300E21B14 /* SQLiteDataset.swift */ = {isa = PBXFileReference; lastKnownFileType = sourcecode.swift; path = SQLiteDataset.swift; sourceTree = "<group>"; };
		CB61FFBE22232FB200E21B14 /* spamer.db */ = {isa = PBXFileReference; lastKnownFileType = file; path = spamer.db; sourceTree = "<group>"; };
		CB61FFC32223313E00E21B14 /* TextClassifier.swift */ = {isa = PBXFileReference; lastKnownFileType = sourcecode.swift; path = TextClassifier.swift; sourceTree = "<group>"; };
		CB61FFC8222335B500E21B14 /* LanguageRecognizerClassifier.swift */ = {isa = PBXFileReference; fileEncoding = 4; lastKnownFileType = sourcecode.swift; path = LanguageRecognizerClassifier.swift; sourceTree = "<group>"; };
		CB61FFCA222336AB00E21B14 /* TextClassifierExtensions.swift */ = {isa = PBXFileReference; lastKnownFileType = sourcecode.swift; path = TextClassifierExtensions.swift; sourceTree = "<group>"; };
		CB61FFCD222338D900E21B14 /* LanguageRecognizerClassifierTests.swift */ = {isa = PBXFileReference; lastKnownFileType = sourcecode.swift; path = LanguageRecognizerClassifierTests.swift; sourceTree = "<group>"; };
		CB61FFCF2223390C00E21B14 /* TestDatasets.swift */ = {isa = PBXFileReference; lastKnownFileType = sourcecode.swift; path = TestDatasets.swift; sourceTree = "<group>"; };
		CB61FFD122233A3200E21B14 /* TestResults.swift */ = {isa = PBXFileReference; lastKnownFileType = sourcecode.swift; path = TestResults.swift; sourceTree = "<group>"; };
		CB61FFD3222525E200E21B14 /* CoreMLClassifier.swift */ = {isa = PBXFileReference; lastKnownFileType = sourcecode.swift; path = CoreMLClassifier.swift; sourceTree = "<group>"; };
		CBAE468C22ECD86D00BCC8EF /* README.md */ = {isa = PBXFileReference; lastKnownFileType = net.daringfireball.markdown; path = README.md; sourceTree = "<group>"; };
		CBDFC9C42229F15D00C5E282 /* MemoryMappedCollections.framework */ = {isa = PBXFileReference; explicitFileType = wrapper.framework; includeInIndex = 0; path = MemoryMappedCollections.framework; sourceTree = BUILT_PRODUCTS_DIR; };
		CBDFC9C62229F15E00C5E282 /* MemoryMappedCollections.h */ = {isa = PBXFileReference; lastKnownFileType = sourcecode.c.h; path = MemoryMappedCollections.h; sourceTree = "<group>"; };
		CBDFC9C72229F15E00C5E282 /* Info.plist */ = {isa = PBXFileReference; lastKnownFileType = text.plist.xml; path = Info.plist; sourceTree = "<group>"; };
		CBDFC9E5222A79DB00C5E282 /* schema.fbs */ = {isa = PBXFileReference; lastKnownFileType = text; path = schema.fbs; sourceTree = "<group>"; };
		CBDFC9E7222A7D1900C5E282 /* schema_generated.h */ = {isa = PBXFileReference; fileEncoding = 4; lastKnownFileType = sourcecode.c.h; path = schema_generated.h; sourceTree = "<group>"; };
		CBDFC9E9222A7D8B00C5E282 /* MMStringIntDictionary.h */ = {isa = PBXFileReference; lastKnownFileType = sourcecode.c.h; path = MMStringIntDictionary.h; sourceTree = "<group>"; };
		CBDFC9EA222A7D8B00C5E282 /* MMStringIntDictionary.mm */ = {isa = PBXFileReference; lastKnownFileType = sourcecode.cpp.objcpp; path = MMStringIntDictionary.mm; sourceTree = "<group>"; };
		CBDFCA0D222A803000C5E282 /* grpc.h */ = {isa = PBXFileReference; fileEncoding = 4; lastKnownFileType = sourcecode.c.h; path = grpc.h; sourceTree = "<group>"; };
		CBDFCA0E222A803000C5E282 /* idl.h */ = {isa = PBXFileReference; fileEncoding = 4; lastKnownFileType = sourcecode.c.h; path = idl.h; sourceTree = "<group>"; };
		CBDFCA0F222A803000C5E282 /* reflection_generated.h */ = {isa = PBXFileReference; fileEncoding = 4; lastKnownFileType = sourcecode.c.h; path = reflection_generated.h; sourceTree = "<group>"; };
		CBDFCA10222A803000C5E282 /* registry.h */ = {isa = PBXFileReference; fileEncoding = 4; lastKnownFileType = sourcecode.c.h; path = registry.h; sourceTree = "<group>"; };
		CBDFCA11222A803000C5E282 /* flatbuffers.h */ = {isa = PBXFileReference; fileEncoding = 4; lastKnownFileType = sourcecode.c.h; path = flatbuffers.h; sourceTree = "<group>"; };
		CBDFCA12222A803000C5E282 /* flatc.h */ = {isa = PBXFileReference; fileEncoding = 4; lastKnownFileType = sourcecode.c.h; path = flatc.h; sourceTree = "<group>"; };
		CBDFCA13222A803000C5E282 /* flexbuffers.h */ = {isa = PBXFileReference; fileEncoding = 4; lastKnownFileType = sourcecode.c.h; path = flexbuffers.h; sourceTree = "<group>"; };
		CBDFCA14222A803000C5E282 /* minireflect.h */ = {isa = PBXFileReference; fileEncoding = 4; lastKnownFileType = sourcecode.c.h; path = minireflect.h; sourceTree = "<group>"; };
		CBDFCA15222A803000C5E282 /* util.h */ = {isa = PBXFileReference; fileEncoding = 4; lastKnownFileType = sourcecode.c.h; path = util.h; sourceTree = "<group>"; };
		CBDFCA16222A803000C5E282 /* code_generators.h */ = {isa = PBXFileReference; fileEncoding = 4; lastKnownFileType = sourcecode.c.h; path = code_generators.h; sourceTree = "<group>"; };
		CBDFCA17222A803000C5E282 /* stl_emulation.h */ = {isa = PBXFileReference; fileEncoding = 4; lastKnownFileType = sourcecode.c.h; path = stl_emulation.h; sourceTree = "<group>"; };
		CBDFCA18222A803000C5E282 /* hash.h */ = {isa = PBXFileReference; fileEncoding = 4; lastKnownFileType = sourcecode.c.h; path = hash.h; sourceTree = "<group>"; };
		CBDFCA19222A803000C5E282 /* reflection.h */ = {isa = PBXFileReference; fileEncoding = 4; lastKnownFileType = sourcecode.c.h; path = reflection.h; sourceTree = "<group>"; };
		CBDFCA1A222A803000C5E282 /* base.h */ = {isa = PBXFileReference; fileEncoding = 4; lastKnownFileType = sourcecode.c.h; path = base.h; sourceTree = "<group>"; };
		CBDFCA2D222A8DEA00C5E282 /* MMStringIntDictionaryBuilder.h */ = {isa = PBXFileReference; lastKnownFileType = sourcecode.c.h; path = MMStringIntDictionaryBuilder.h; sourceTree = "<group>"; };
		CBDFCA2E222A8DEA00C5E282 /* MMStringIntDictionaryBuilder.mm */ = {isa = PBXFileReference; lastKnownFileType = sourcecode.cpp.objcpp; path = MMStringIntDictionaryBuilder.mm; sourceTree = "<group>"; };
		CBDFCA35222A937700C5E282 /* MemoryMappedCollectionsTests.xctest */ = {isa = PBXFileReference; explicitFileType = wrapper.cfbundle; includeInIndex = 0; path = MemoryMappedCollectionsTests.xctest; sourceTree = BUILT_PRODUCTS_DIR; };
		CBDFCA41222A938F00C5E282 /* MMStringIntDictionaryTests.swift */ = {isa = PBXFileReference; fileEncoding = 4; lastKnownFileType = sourcecode.swift; path = MMStringIntDictionaryTests.swift; sourceTree = "<group>"; };
		CBDFCA42222A938F00C5E282 /* Info.plist */ = {isa = PBXFileReference; fileEncoding = 4; lastKnownFileType = text.plist.xml; path = Info.plist; sourceTree = "<group>"; };
		CBDFCA4E222AA27000C5E282 /* MemoryMappedNaiveBayesClassifierTests.swift */ = {isa = PBXFileReference; lastKnownFileType = sourcecode.swift; path = MemoryMappedNaiveBayesClassifierTests.swift; sourceTree = "<group>"; };
		CBDFCA51222AA44100C5E282 /* MemoryMappedBayes.model */ = {isa = PBXFileReference; lastKnownFileType = folder; path = MemoryMappedBayes.model; sourceTree = "<group>"; };
		CBDFCA55222ADF8F00C5E282 /* AdvancedPreprocessor.swift */ = {isa = PBXFileReference; lastKnownFileType = sourcecode.swift; path = AdvancedPreprocessor.swift; sourceTree = "<group>"; };
		CBDFCA5B222AE54B00C5E282 /* TrivialPreprocessorTests.swift */ = {isa = PBXFileReference; lastKnownFileType = sourcecode.swift; path = TrivialPreprocessorTests.swift; sourceTree = "<group>"; };
		CBDFCA5E222AE6E600C5E282 /* AdvancedPreprocessorTests.swift */ = {isa = PBXFileReference; lastKnownFileType = sourcecode.swift; path = AdvancedPreprocessorTests.swift; sourceTree = "<group>"; };
		CBF4C8402225E5F500CDF6F9 /* TestBundleSettings.swift */ = {isa = PBXFileReference; lastKnownFileType = sourcecode.swift; path = TestBundleSettings.swift; sourceTree = "<group>"; };
		CBF4C8472225EA9800CDF6F9 /* TextClassification.framework */ = {isa = PBXFileReference; explicitFileType = wrapper.framework; includeInIndex = 0; path = TextClassification.framework; sourceTree = BUILT_PRODUCTS_DIR; };
		CBF4C8492225EA9900CDF6F9 /* TextClassificationMacOS.h */ = {isa = PBXFileReference; lastKnownFileType = sourcecode.c.h; path = TextClassificationMacOS.h; sourceTree = "<group>"; };
		CBF4C84A2225EA9900CDF6F9 /* Info.plist */ = {isa = PBXFileReference; lastKnownFileType = text.plist.xml; path = Info.plist; sourceTree = "<group>"; };
		CBF4C8532225EAB000CDF6F9 /* TextClassificationMacOSTests.xctest */ = {isa = PBXFileReference; explicitFileType = wrapper.cfbundle; includeInIndex = 0; path = TextClassificationMacOSTests.xctest; sourceTree = BUILT_PRODUCTS_DIR; };
		CBF4C8572225EAB000CDF6F9 /* Info.plist */ = {isa = PBXFileReference; lastKnownFileType = text.plist.xml; path = Info.plist; sourceTree = "<group>"; };
		CBF4C8602225EB2400CDF6F9 /* SQLite.framework */ = {isa = PBXFileReference; lastKnownFileType = wrapper.framework; name = SQLite.framework; path = Carthage/Build/Mac/SQLite.framework; sourceTree = "<group>"; };
		CBF4C8692225EC2000CDF6F9 /* Dataset+MLDataTable.swift */ = {isa = PBXFileReference; fileEncoding = 4; lastKnownFileType = sourcecode.swift; path = "Dataset+MLDataTable.swift"; sourceTree = "<group>"; };
		CBF4C86E2225EC9500CDF6F9 /* CoreMLClassifier+CreateML.swift */ = {isa = PBXFileReference; lastKnownFileType = sourcecode.swift; path = "CoreMLClassifier+CreateML.swift"; sourceTree = "<group>"; };
		CBF4C8702225EF0200CDF6F9 /* CoreMLClassifier+CreateMLTests.swift */ = {isa = PBXFileReference; lastKnownFileType = sourcecode.swift; path = "CoreMLClassifier+CreateMLTests.swift"; sourceTree = "<group>"; };
		CBF4C8722225F12300CDF6F9 /* BaseClassifierTestCase.swift */ = {isa = PBXFileReference; lastKnownFileType = sourcecode.swift; path = BaseClassifierTestCase.swift; sourceTree = "<group>"; };
		CBF4C87D2226877000CDF6F9 /* RAMDataset.swift */ = {isa = PBXFileReference; lastKnownFileType = sourcecode.swift; path = RAMDataset.swift; sourceTree = "<group>"; };
		CBF4C88322271DCD00CDF6F9 /* NaiveBayesClassifier.swift */ = {isa = PBXFileReference; lastKnownFileType = sourcecode.swift; path = NaiveBayesClassifier.swift; sourceTree = "<group>"; };
		CBF4C88722271ED200CDF6F9 /* Preprocessor.swift */ = {isa = PBXFileReference; lastKnownFileType = sourcecode.swift; path = Preprocessor.swift; sourceTree = "<group>"; };
		CBF4C88C22271F7A00CDF6F9 /* TrivialPreprocessor.swift */ = {isa = PBXFileReference; lastKnownFileType = sourcecode.swift; path = TrivialPreprocessor.swift; sourceTree = "<group>"; };
		CBF4C89122272CBD00CDF6F9 /* NaiveBayesClassifierTests.swift */ = {isa = PBXFileReference; lastKnownFileType = sourcecode.swift; path = NaiveBayesClassifierTests.swift; sourceTree = "<group>"; };
		CBF4C89C22273ECA00CDF6F9 /* MessageFilteringApp.app */ = {isa = PBXFileReference; explicitFileType = wrapper.application; includeInIndex = 0; path = MessageFilteringApp.app; sourceTree = BUILT_PRODUCTS_DIR; };
		CBF4C89E22273ECA00CDF6F9 /* AppDelegate.swift */ = {isa = PBXFileReference; lastKnownFileType = sourcecode.swift; path = AppDelegate.swift; sourceTree = "<group>"; };
		CBF4C8A322273ECA00CDF6F9 /* Base */ = {isa = PBXFileReference; lastKnownFileType = file.storyboard; name = Base; path = Base.lproj/Main.storyboard; sourceTree = "<group>"; };
		CBF4C8A522273ECC00CDF6F9 /* Assets.xcassets */ = {isa = PBXFileReference; lastKnownFileType = folder.assetcatalog; path = Assets.xcassets; sourceTree = "<group>"; };
		CBF4C8A822273ECC00CDF6F9 /* Base */ = {isa = PBXFileReference; lastKnownFileType = file.storyboard; name = Base; path = Base.lproj/LaunchScreen.storyboard; sourceTree = "<group>"; };
		CBF4C8AA22273ECC00CDF6F9 /* Info.plist */ = {isa = PBXFileReference; lastKnownFileType = text.plist.xml; path = Info.plist; sourceTree = "<group>"; };
		CBF4C8B222273EE600CDF6F9 /* MessageFilteringExtension.appex */ = {isa = PBXFileReference; explicitFileType = "wrapper.app-extension"; includeInIndex = 0; path = MessageFilteringExtension.appex; sourceTree = BUILT_PRODUCTS_DIR; };
		CBF4C8B422273EE600CDF6F9 /* MessageFilterExtension.swift */ = {isa = PBXFileReference; lastKnownFileType = sourcecode.swift; path = MessageFilterExtension.swift; sourceTree = "<group>"; };
		CBF4C8B622273EE600CDF6F9 /* Info.plist */ = {isa = PBXFileReference; lastKnownFileType = text.plist.xml; path = Info.plist; sourceTree = "<group>"; };
		CBF4C8C822289E4200CDF6F9 /* ClassifiersComparisonViewController.swift */ = {isa = PBXFileReference; lastKnownFileType = sourcecode.swift; path = ClassifiersComparisonViewController.swift; sourceTree = "<group>"; };
		CBF4C8CC22289E6F00CDF6F9 /* ClassifierComparisonTextInputCell.swift */ = {isa = PBXFileReference; lastKnownFileType = sourcecode.swift; path = ClassifierComparisonTextInputCell.swift; sourceTree = "<group>"; };
		CBF4C8D222289F2400CDF6F9 /* ClassifierComparisonResultCell.swift */ = {isa = PBXFileReference; lastKnownFileType = sourcecode.swift; path = ClassifierComparisonResultCell.swift; sourceTree = "<group>"; };
		CBF4C8D62228A16E00CDF6F9 /* ClassificationComparisonModel.swift */ = {isa = PBXFileReference; lastKnownFileType = sourcecode.swift; path = ClassificationComparisonModel.swift; sourceTree = "<group>"; };
		CBF4C8E02228A2ED00CDF6F9 /* CoreMLLanguageClassifier.mlmodel */ = {isa = PBXFileReference; lastKnownFileType = file.mlmodel; path = CoreMLLanguageClassifier.mlmodel; sourceTree = "<group>"; };
		CBF4C8E32228A84500CDF6F9 /* NaiveBayes.model */ = {isa = PBXFileReference; lastKnownFileType = file.bplist; path = NaiveBayes.model; sourceTree = "<group>"; };
		CBF4C8F02229E5FB00CDF6F9 /* MemoryMappedNaiveBayesClassifier.swift */ = {isa = PBXFileReference; lastKnownFileType = sourcecode.swift; path = MemoryMappedNaiveBayesClassifier.swift; sourceTree = "<group>"; };
/* End PBXFileReference section */

/* Begin PBXFrameworksBuildPhase section */
		CB2ED11822EA47AA008F0C91 /* Frameworks */ = {
			isa = PBXFrameworksBuildPhase;
			buildActionMask = 2147483647;
			files = (
			);
			runOnlyForDeploymentPostprocessing = 0;
		};
		CB61FF93222304E700E21B14 /* Frameworks */ = {
			isa = PBXFrameworksBuildPhase;
			buildActionMask = 2147483647;
			files = (
				CBDFCA48222A98BB00C5E282 /* MemoryMappedCollections.framework in Frameworks */,
				CB61FFB922232AE600E21B14 /* SQLite.framework in Frameworks */,
			);
			runOnlyForDeploymentPostprocessing = 0;
		};
		CBDFC9C12229F15D00C5E282 /* Frameworks */ = {
			isa = PBXFrameworksBuildPhase;
			buildActionMask = 2147483647;
			files = (
			);
			runOnlyForDeploymentPostprocessing = 0;
		};
		CBDFCA32222A937700C5E282 /* Frameworks */ = {
			isa = PBXFrameworksBuildPhase;
			buildActionMask = 2147483647;
			files = (
				CBDFCA3A222A937700C5E282 /* MemoryMappedCollections.framework in Frameworks */,
			);
			runOnlyForDeploymentPostprocessing = 0;
		};
		CBF4C8442225EA9800CDF6F9 /* Frameworks */ = {
			isa = PBXFrameworksBuildPhase;
			buildActionMask = 2147483647;
			files = (
				CB2ED13A22EA48F7008F0C91 /* MemoryMappedCollections.framework in Frameworks */,
				CBF4C8612225EB2400CDF6F9 /* SQLite.framework in Frameworks */,
			);
			runOnlyForDeploymentPostprocessing = 0;
		};
		CBF4C8502225EAB000CDF6F9 /* Frameworks */ = {
			isa = PBXFrameworksBuildPhase;
			buildActionMask = 2147483647;
			files = (
				CBF4C8582225EAB000CDF6F9 /* TextClassification.framework in Frameworks */,
			);
			runOnlyForDeploymentPostprocessing = 0;
		};
		CBF4C89922273ECA00CDF6F9 /* Frameworks */ = {
			isa = PBXFrameworksBuildPhase;
			buildActionMask = 2147483647;
			files = (
				CBDFC9D92229F15E00C5E282 /* MemoryMappedCollections.framework in Frameworks */,
				CBF4C8EE2229DE1100CDF6F9 /* SQLite.framework in Frameworks */,
				CBF4C8E92229DDF200CDF6F9 /* TextClassification.framework in Frameworks */,
			);
			runOnlyForDeploymentPostprocessing = 0;
		};
		CBF4C8AF22273EE600CDF6F9 /* Frameworks */ = {
			isa = PBXFrameworksBuildPhase;
			buildActionMask = 2147483647;
			files = (
				CBF4C8DD2228A19800CDF6F9 /* TextClassification.framework in Frameworks */,
			);
			runOnlyForDeploymentPostprocessing = 0;
		};
/* End PBXFrameworksBuildPhase section */

/* Begin PBXGroup section */
		CB2ED11C22EA47AA008F0C91 /* MemoryMappedCollectionsMacOS */ = {
			isa = PBXGroup;
			children = (
				CB2ED11D22EA47AA008F0C91 /* MemoryMappedCollectionsMacOS.h */,
				CB2ED11E22EA47AA008F0C91 /* Info.plist */,
			);
			path = MemoryMappedCollectionsMacOS;
			sourceTree = "<group>";
		};
		CB61FF8C222304E700E21B14 = {
			isa = PBXGroup;
			children = (
				CBAE468C22ECD86D00BCC8EF /* README.md */,
				CB61FFB02223050600E21B14 /* Cartfile */,
				CBF4C86B2225EC5000CDF6F9 /* Common */,
				CB61FF98222304E700E21B14 /* TextClassification */,
				CBF4C8482225EA9900CDF6F9 /* TextClassificationMacOS */,
				CBF4C8542225EAB000CDF6F9 /* TextClassificationMacOSTests */,
				CBDFC9C52229F15E00C5E282 /* MemoryMappedCollections */,
				CB2ED11C22EA47AA008F0C91 /* MemoryMappedCollectionsMacOS */,
				CBDFCA40222A938F00C5E282 /* MemoryMappedCollectionsTests */,
				CBF4C8DF2228A2ED00CDF6F9 /* TestOutput */,
				CBF4C89D22273ECA00CDF6F9 /* MessageFilteringApp */,
				CBF4C8B322273EE600CDF6F9 /* MessageFilteringExtension */,
				CB61FFB42223161F00E21B14 /* Frameworks */,
				CB61FF97222304E700E21B14 /* Products */,
			);
			sourceTree = "<group>";
		};
		CB61FF97222304E700E21B14 /* Products */ = {
			isa = PBXGroup;
			children = (
				CB61FF96222304E700E21B14 /* TextClassification.framework */,
				CBF4C8472225EA9800CDF6F9 /* TextClassification.framework */,
				CBF4C8532225EAB000CDF6F9 /* TextClassificationMacOSTests.xctest */,
				CBF4C89C22273ECA00CDF6F9 /* MessageFilteringApp.app */,
				CBF4C8B222273EE600CDF6F9 /* MessageFilteringExtension.appex */,
				CBDFC9C42229F15D00C5E282 /* MemoryMappedCollections.framework */,
				CBDFCA35222A937700C5E282 /* MemoryMappedCollectionsTests.xctest */,
				CB2ED11B22EA47AA008F0C91 /* MemoryMappedCollections.framework */,
			);
			name = Products;
			sourceTree = "<group>";
		};
		CB61FF98222304E700E21B14 /* TextClassification */ = {
			isa = PBXGroup;
			children = (
				CB61FF99222304E700E21B14 /* TextClassification.h */,
				CB61FF9A222304E700E21B14 /* Info.plist */,
			);
			path = TextClassification;
			sourceTree = "<group>";
		};
		CB61FFB42223161F00E21B14 /* Frameworks */ = {
			isa = PBXGroup;
			children = (
				CBF4C85F2225EABC00CDF6F9 /* iOS */,
				CBF4C85E2225EAB900CDF6F9 /* macOS */,
			);
			name = Frameworks;
			sourceTree = "<group>";
		};
		CB61FFC022232FBD00E21B14 /* Resources */ = {
			isa = PBXGroup;
			children = (
				CB61FFBE22232FB200E21B14 /* spamer.db */,
			);
			path = Resources;
			sourceTree = "<group>";
		};
		CB61FFC122232FC800E21B14 /* TestCases */ = {
			isa = PBXGroup;
			children = (
				CBF4C8722225F12300CDF6F9 /* BaseClassifierTestCase.swift */,
				CBDFCA5A222AE52F00C5E282 /* Dataset */,
				CBDFCA5D222AE54E00C5E282 /* Preprocessor */,
				CBDFCA59222AE52300C5E282 /* Classifier */,
			);
			path = TestCases;
			sourceTree = "<group>";
		};
		CB61FFC22223313200E21B14 /* Dataset */ = {
			isa = PBXGroup;
			children = (
				CB61FFB62223180200E21B14 /* Dataset.swift */,
				CBF4C87D2226877000CDF6F9 /* RAMDataset.swift */,
				CB61FFBC22232F8300E21B14 /* SQLiteDataset.swift */,
			);
			path = Dataset;
			sourceTree = "<group>";
		};
		CB61FFC52223314400E21B14 /* TextClassifier */ = {
			isa = PBXGroup;
			children = (
				CB61FFC32223313E00E21B14 /* TextClassifier.swift */,
				CB61FFC8222335B500E21B14 /* LanguageRecognizerClassifier.swift */,
				CB61FFD3222525E200E21B14 /* CoreMLClassifier.swift */,
				CBF4C88322271DCD00CDF6F9 /* NaiveBayesClassifier.swift */,
				CBF4C8F02229E5FB00CDF6F9 /* MemoryMappedNaiveBayesClassifier.swift */,
			);
			path = TextClassifier;
			sourceTree = "<group>";
		};
		CBDFC9C52229F15E00C5E282 /* MemoryMappedCollections */ = {
			isa = PBXGroup;
			children = (
				CBDFCA0C222A803000C5E282 /* flatbuffers */,
				CBDFC9C62229F15E00C5E282 /* MemoryMappedCollections.h */,
				CBDFC9E9222A7D8B00C5E282 /* MMStringIntDictionary.h */,
				CBDFC9EA222A7D8B00C5E282 /* MMStringIntDictionary.mm */,
				CBDFCA2D222A8DEA00C5E282 /* MMStringIntDictionaryBuilder.h */,
				CBDFCA2E222A8DEA00C5E282 /* MMStringIntDictionaryBuilder.mm */,
				CBDFC9C72229F15E00C5E282 /* Info.plist */,
				CBDFC9E7222A7D1900C5E282 /* schema_generated.h */,
				CBDFC9E5222A79DB00C5E282 /* schema.fbs */,
			);
			path = MemoryMappedCollections;
			sourceTree = "<group>";
		};
		CBDFCA0C222A803000C5E282 /* flatbuffers */ = {
			isa = PBXGroup;
			children = (
				CBDFCA0D222A803000C5E282 /* grpc.h */,
				CBDFCA0E222A803000C5E282 /* idl.h */,
				CBDFCA0F222A803000C5E282 /* reflection_generated.h */,
				CBDFCA10222A803000C5E282 /* registry.h */,
				CBDFCA11222A803000C5E282 /* flatbuffers.h */,
				CBDFCA12222A803000C5E282 /* flatc.h */,
				CBDFCA13222A803000C5E282 /* flexbuffers.h */,
				CBDFCA14222A803000C5E282 /* minireflect.h */,
				CBDFCA15222A803000C5E282 /* util.h */,
				CBDFCA16222A803000C5E282 /* code_generators.h */,
				CBDFCA17222A803000C5E282 /* stl_emulation.h */,
				CBDFCA18222A803000C5E282 /* hash.h */,
				CBDFCA19222A803000C5E282 /* reflection.h */,
				CBDFCA1A222A803000C5E282 /* base.h */,
			);
			path = flatbuffers;
			sourceTree = "<group>";
		};
		CBDFCA40222A938F00C5E282 /* MemoryMappedCollectionsTests */ = {
			isa = PBXGroup;
			children = (
				CBDFCA41222A938F00C5E282 /* MMStringIntDictionaryTests.swift */,
				CBDFCA42222A938F00C5E282 /* Info.plist */,
			);
			path = MemoryMappedCollectionsTests;
			sourceTree = "<group>";
		};
		CBDFCA59222AE52300C5E282 /* Classifier */ = {
			isa = PBXGroup;
			children = (
				CB61FFCD222338D900E21B14 /* LanguageRecognizerClassifierTests.swift */,
				CBF4C8702225EF0200CDF6F9 /* CoreMLClassifier+CreateMLTests.swift */,
				CBF4C89122272CBD00CDF6F9 /* NaiveBayesClassifierTests.swift */,
				CBDFCA4E222AA27000C5E282 /* MemoryMappedNaiveBayesClassifierTests.swift */,
			);
			path = Classifier;
			sourceTree = "<group>";
		};
		CBDFCA5A222AE52F00C5E282 /* Dataset */ = {
			isa = PBXGroup;
			children = (
				CB61FFBA22232F7200E21B14 /* SQLiteDatasetTests.swift */,
			);
			path = Dataset;
			sourceTree = "<group>";
		};
		CBDFCA5D222AE54E00C5E282 /* Preprocessor */ = {
			isa = PBXGroup;
			children = (
				CBDFCA5B222AE54B00C5E282 /* TrivialPreprocessorTests.swift */,
				CBDFCA5E222AE6E600C5E282 /* AdvancedPreprocessorTests.swift */,
			);
			path = Preprocessor;
			sourceTree = "<group>";
		};
		CBF4C8482225EA9900CDF6F9 /* TextClassificationMacOS */ = {
			isa = PBXGroup;
			children = (
				CBF4C86C2225EC6200CDF6F9 /* Dataset */,
				CBF4C86D2225EC6C00CDF6F9 /* TextClassifier */,
				CBF4C8492225EA9900CDF6F9 /* TextClassificationMacOS.h */,
				CBF4C84A2225EA9900CDF6F9 /* Info.plist */,
			);
			path = TextClassificationMacOS;
			sourceTree = "<group>";
		};
		CBF4C8542225EAB000CDF6F9 /* TextClassificationMacOSTests */ = {
			isa = PBXGroup;
			children = (
				CBF4C8752225F1F300CDF6F9 /* Tools */,
				CB61FFC022232FBD00E21B14 /* Resources */,
				CB61FFC122232FC800E21B14 /* TestCases */,
				CBF4C8572225EAB000CDF6F9 /* Info.plist */,
			);
			path = TextClassificationMacOSTests;
			sourceTree = "<group>";
		};
		CBF4C85E2225EAB900CDF6F9 /* macOS */ = {
			isa = PBXGroup;
			children = (
				CBF4C8602225EB2400CDF6F9 /* SQLite.framework */,
			);
			name = macOS;
			sourceTree = "<group>";
		};
		CBF4C85F2225EABC00CDF6F9 /* iOS */ = {
			isa = PBXGroup;
			children = (
				CB61FFB822232AE600E21B14 /* SQLite.framework */,
			);
			name = iOS;
			sourceTree = "<group>";
		};
		CBF4C86B2225EC5000CDF6F9 /* Common */ = {
			isa = PBXGroup;
			children = (
				CB61FFC22223313200E21B14 /* Dataset */,
				CBF4C88922271ED600CDF6F9 /* Preprocessor */,
				CB61FFC52223314400E21B14 /* TextClassifier */,
			);
			path = Common;
			sourceTree = "<group>";
		};
		CBF4C86C2225EC6200CDF6F9 /* Dataset */ = {
			isa = PBXGroup;
			children = (
				CBF4C8692225EC2000CDF6F9 /* Dataset+MLDataTable.swift */,
			);
			path = Dataset;
			sourceTree = "<group>";
		};
		CBF4C86D2225EC6C00CDF6F9 /* TextClassifier */ = {
			isa = PBXGroup;
			children = (
				CBF4C86E2225EC9500CDF6F9 /* CoreMLClassifier+CreateML.swift */,
			);
			path = TextClassifier;
			sourceTree = "<group>";
		};
		CBF4C8752225F1F300CDF6F9 /* Tools */ = {
			isa = PBXGroup;
			children = (
				CB61FFCF2223390C00E21B14 /* TestDatasets.swift */,
				CB61FFD122233A3200E21B14 /* TestResults.swift */,
				CBF4C8402225E5F500CDF6F9 /* TestBundleSettings.swift */,
				CB61FFCA222336AB00E21B14 /* TextClassifierExtensions.swift */,
			);
			path = Tools;
			sourceTree = "<group>";
		};
		CBF4C88922271ED600CDF6F9 /* Preprocessor */ = {
			isa = PBXGroup;
			children = (
				CBF4C88722271ED200CDF6F9 /* Preprocessor.swift */,
				CBF4C88C22271F7A00CDF6F9 /* TrivialPreprocessor.swift */,
				CBDFCA55222ADF8F00C5E282 /* AdvancedPreprocessor.swift */,
			);
			path = Preprocessor;
			sourceTree = "<group>";
		};
		CBF4C89D22273ECA00CDF6F9 /* MessageFilteringApp */ = {
			isa = PBXGroup;
			children = (
				CBF4C8CB22289E5300CDF6F9 /* ClassifiersComparison */,
				CBF4C89E22273ECA00CDF6F9 /* AppDelegate.swift */,
				CBF4C8A222273ECA00CDF6F9 /* Main.storyboard */,
				CBF4C8A522273ECC00CDF6F9 /* Assets.xcassets */,
				CBF4C8A722273ECC00CDF6F9 /* LaunchScreen.storyboard */,
				CBF4C8AA22273ECC00CDF6F9 /* Info.plist */,
			);
			path = MessageFilteringApp;
			sourceTree = "<group>";
		};
		CBF4C8B322273EE600CDF6F9 /* MessageFilteringExtension */ = {
			isa = PBXGroup;
			children = (
				CBF4C8B422273EE600CDF6F9 /* MessageFilterExtension.swift */,
				CBF4C8B622273EE600CDF6F9 /* Info.plist */,
			);
			path = MessageFilteringExtension;
			sourceTree = "<group>";
		};
		CBF4C8CB22289E5300CDF6F9 /* ClassifiersComparison */ = {
			isa = PBXGroup;
			children = (
				CBF4C8D62228A16E00CDF6F9 /* ClassificationComparisonModel.swift */,
				CBF4C8C822289E4200CDF6F9 /* ClassifiersComparisonViewController.swift */,
				CBF4C8CC22289E6F00CDF6F9 /* ClassifierComparisonTextInputCell.swift */,
				CBF4C8D222289F2400CDF6F9 /* ClassifierComparisonResultCell.swift */,
			);
			path = ClassifiersComparison;
			sourceTree = "<group>";
		};
		CBF4C8DF2228A2ED00CDF6F9 /* TestOutput */ = {
			isa = PBXGroup;
			children = (
				CBDFCA51222AA44100C5E282 /* MemoryMappedBayes.model */,
				CBF4C8E02228A2ED00CDF6F9 /* CoreMLLanguageClassifier.mlmodel */,
				CBF4C8E32228A84500CDF6F9 /* NaiveBayes.model */,
			);
			path = TestOutput;
			sourceTree = "<group>";
		};
/* End PBXGroup section */

/* Begin PBXHeadersBuildPhase section */
		CB2ED11622EA47AA008F0C91 /* Headers */ = {
			isa = PBXHeadersBuildPhase;
			buildActionMask = 2147483647;
			files = (
				CB2ED13722EA4876008F0C91 /* base.h in Headers */,
				CB2ED12D22EA4876008F0C91 /* registry.h in Headers */,
				CB2ED12B22EA4876008F0C91 /* idl.h in Headers */,
				CB2ED12322EA4848008F0C91 /* MemoryMappedCollections.h in Headers */,
				CB2ED13622EA4876008F0C91 /* reflection.h in Headers */,
				CB2ED12622EA4854008F0C91 /* MMStringIntDictionaryBuilder.h in Headers */,
				CB2ED12422EA484D008F0C91 /* MMStringIntDictionary.h in Headers */,
				CB2ED13422EA4876008F0C91 /* stl_emulation.h in Headers */,
				CB2ED12E22EA4876008F0C91 /* flatbuffers.h in Headers */,
				CB2ED12822EA485B008F0C91 /* schema_generated.h in Headers */,
				CB2ED13122EA4876008F0C91 /* minireflect.h in Headers */,
				CB2ED13022EA4876008F0C91 /* flexbuffers.h in Headers */,
				CB2ED13322EA4876008F0C91 /* code_generators.h in Headers */,
				CB2ED12C22EA4876008F0C91 /* reflection_generated.h in Headers */,
				CB2ED12A22EA4866008F0C91 /* grpc.h in Headers */,
				CB2ED12F22EA4876008F0C91 /* flatc.h in Headers */,
				CB2ED13222EA4876008F0C91 /* util.h in Headers */,
				CB2ED11F22EA47AA008F0C91 /* MemoryMappedCollectionsMacOS.h in Headers */,
				CB2ED13522EA4876008F0C91 /* hash.h in Headers */,
			);
			runOnlyForDeploymentPostprocessing = 0;
		};
		CB61FF91222304E700E21B14 /* Headers */ = {
			isa = PBXHeadersBuildPhase;
			buildActionMask = 2147483647;
			files = (
				CB61FFA7222304E700E21B14 /* TextClassification.h in Headers */,
			);
			runOnlyForDeploymentPostprocessing = 0;
		};
		CBDFC9BF2229F15D00C5E282 /* Headers */ = {
			isa = PBXHeadersBuildPhase;
			buildActionMask = 2147483647;
			files = (
				CBDFCA2F222A8DEA00C5E282 /* MMStringIntDictionaryBuilder.h in Headers */,
				CBDFCA20222A803000C5E282 /* flatc.h in Headers */,
				CBDFCA21222A803000C5E282 /* flexbuffers.h in Headers */,
				CBDFCA1B222A803000C5E282 /* grpc.h in Headers */,
				CBDFCA22222A803000C5E282 /* minireflect.h in Headers */,
				CBDFCA1D222A803000C5E282 /* reflection_generated.h in Headers */,
				CBDFCA26222A803000C5E282 /* hash.h in Headers */,
				CBDFCA25222A803000C5E282 /* stl_emulation.h in Headers */,
				CBDFC9D62229F15E00C5E282 /* MemoryMappedCollections.h in Headers */,
				CBDFCA23222A803000C5E282 /* util.h in Headers */,
				CBDFCA24222A803000C5E282 /* code_generators.h in Headers */,
				CBDFC9EB222A7D8B00C5E282 /* MMStringIntDictionary.h in Headers */,
				CBDFCA1E222A803000C5E282 /* registry.h in Headers */,
				CBDFC9E8222A7D1900C5E282 /* schema_generated.h in Headers */,
				CBDFCA27222A803000C5E282 /* reflection.h in Headers */,
				CBDFCA1C222A803000C5E282 /* idl.h in Headers */,
				CBDFCA1F222A803000C5E282 /* flatbuffers.h in Headers */,
				CBDFCA28222A803000C5E282 /* base.h in Headers */,
			);
			runOnlyForDeploymentPostprocessing = 0;
		};
		CBF4C8422225EA9800CDF6F9 /* Headers */ = {
			isa = PBXHeadersBuildPhase;
			buildActionMask = 2147483647;
			files = (
				CBF4C84B2225EA9900CDF6F9 /* TextClassificationMacOS.h in Headers */,
			);
			runOnlyForDeploymentPostprocessing = 0;
		};
/* End PBXHeadersBuildPhase section */

/* Begin PBXNativeTarget section */
		CB2ED11A22EA47AA008F0C91 /* MemoryMappedCollectionsMacOS */ = {
			isa = PBXNativeTarget;
			buildConfigurationList = CB2ED12022EA47AA008F0C91 /* Build configuration list for PBXNativeTarget "MemoryMappedCollectionsMacOS" */;
			buildPhases = (
				CB2ED11622EA47AA008F0C91 /* Headers */,
				CB2ED11722EA47AA008F0C91 /* Sources */,
				CB2ED11822EA47AA008F0C91 /* Frameworks */,
				CB2ED11922EA47AA008F0C91 /* Resources */,
			);
			buildRules = (
			);
			dependencies = (
			);
			name = MemoryMappedCollectionsMacOS;
			productName = MemoryMappedCollectionsMacOS;
			productReference = CB2ED11B22EA47AA008F0C91 /* MemoryMappedCollections.framework */;
			productType = "com.apple.product-type.framework";
		};
		CB61FF95222304E700E21B14 /* TextClassification */ = {
			isa = PBXNativeTarget;
			buildConfigurationList = CB61FFAA222304E700E21B14 /* Build configuration list for PBXNativeTarget "TextClassification" */;
			buildPhases = (
				CB61FF91222304E700E21B14 /* Headers */,
				CB61FF92222304E700E21B14 /* Sources */,
				CB61FF93222304E700E21B14 /* Frameworks */,
				CB61FF94222304E700E21B14 /* Resources */,
				CB61FFB52223164800E21B14 /* Copy Carthage Frameworks */,
			);
			buildRules = (
			);
			dependencies = (
				CBDFCA47222A98B500C5E282 /* PBXTargetDependency */,
			);
			name = TextClassification;
			productName = TextClassification;
			productReference = CB61FF96222304E700E21B14 /* TextClassification.framework */;
			productType = "com.apple.product-type.framework";
		};
		CBDFC9C32229F15D00C5E282 /* MemoryMappedCollections */ = {
			isa = PBXNativeTarget;
			buildConfigurationList = CBDFC9DF2229F15E00C5E282 /* Build configuration list for PBXNativeTarget "MemoryMappedCollections" */;
			buildPhases = (
				CBDFC9BF2229F15D00C5E282 /* Headers */,
				CBDFC9C02229F15D00C5E282 /* Sources */,
				CBDFC9C12229F15D00C5E282 /* Frameworks */,
				CBDFC9C22229F15D00C5E282 /* Resources */,
			);
			buildRules = (
			);
			dependencies = (
			);
			name = MemoryMappedCollections;
			productName = MemoryMappedCollections;
			productReference = CBDFC9C42229F15D00C5E282 /* MemoryMappedCollections.framework */;
			productType = "com.apple.product-type.framework";
		};
		CBDFCA34222A937700C5E282 /* MemoryMappedCollectionsTests */ = {
			isa = PBXNativeTarget;
			buildConfigurationList = CBDFCA3D222A937700C5E282 /* Build configuration list for PBXNativeTarget "MemoryMappedCollectionsTests" */;
			buildPhases = (
				CBDFCA31222A937700C5E282 /* Sources */,
				CBDFCA32222A937700C5E282 /* Frameworks */,
				CBDFCA33222A937700C5E282 /* Resources */,
			);
			buildRules = (
			);
			dependencies = (
				CBDFCA3C222A937700C5E282 /* PBXTargetDependency */,
			);
			name = MemoryMappedCollectionsTests;
			productName = MemoryMappedCollectionsTests;
			productReference = CBDFCA35222A937700C5E282 /* MemoryMappedCollectionsTests.xctest */;
			productType = "com.apple.product-type.bundle.unit-test";
		};
		CBF4C8462225EA9800CDF6F9 /* TextClassificationMacOS */ = {
			isa = PBXNativeTarget;
			buildConfigurationList = CBF4C84C2225EA9900CDF6F9 /* Build configuration list for PBXNativeTarget "TextClassificationMacOS" */;
			buildPhases = (
				CBF4C8422225EA9800CDF6F9 /* Headers */,
				CBF4C8432225EA9800CDF6F9 /* Sources */,
				CBF4C8442225EA9800CDF6F9 /* Frameworks */,
				CBF4C8452225EA9800CDF6F9 /* Resources */,
				CBF4C8622225EB3B00CDF6F9 /* Copy Carthage Frameworks */,
			);
			buildRules = (
			);
			dependencies = (
				CB2ED13922EA48EE008F0C91 /* PBXTargetDependency */,
			);
			name = TextClassificationMacOS;
			productName = TextClassificationMacOS;
			productReference = CBF4C8472225EA9800CDF6F9 /* TextClassification.framework */;
			productType = "com.apple.product-type.framework";
		};
		CBF4C8522225EAB000CDF6F9 /* TextClassificationMacOSTests */ = {
			isa = PBXNativeTarget;
			buildConfigurationList = CBF4C85B2225EAB000CDF6F9 /* Build configuration list for PBXNativeTarget "TextClassificationMacOSTests" */;
			buildPhases = (
				CBF4C84F2225EAB000CDF6F9 /* Sources */,
				CBF4C8502225EAB000CDF6F9 /* Frameworks */,
				CBF4C8512225EAB000CDF6F9 /* Resources */,
			);
			buildRules = (
			);
			dependencies = (
				CBF4C85A2225EAB000CDF6F9 /* PBXTargetDependency */,
			);
			name = TextClassificationMacOSTests;
			productName = TextClassificationMacOSTests;
			productReference = CBF4C8532225EAB000CDF6F9 /* TextClassificationMacOSTests.xctest */;
			productType = "com.apple.product-type.bundle.unit-test";
		};
		CBF4C89B22273ECA00CDF6F9 /* MessageFilteringApp */ = {
			isa = PBXNativeTarget;
			buildConfigurationList = CBF4C8AB22273ECC00CDF6F9 /* Build configuration list for PBXNativeTarget "MessageFilteringApp" */;
			buildPhases = (
				CBF4C89822273ECA00CDF6F9 /* Sources */,
				CBF4C89922273ECA00CDF6F9 /* Frameworks */,
				CBF4C89A22273ECA00CDF6F9 /* Resources */,
				CBF4C8BD22273EE600CDF6F9 /* Embed App Extensions */,
				CBF4C8ED2229DDF300CDF6F9 /* Embed Frameworks */,
			);
			buildRules = (
			);
			dependencies = (
				CBF4C8B822273EE600CDF6F9 /* PBXTargetDependency */,
				CBF4C8EC2229DDF200CDF6F9 /* PBXTargetDependency */,
				CBDFC9D82229F15E00C5E282 /* PBXTargetDependency */,
			);
			name = MessageFilteringApp;
			productName = MessageFilteringApp;
			productReference = CBF4C89C22273ECA00CDF6F9 /* MessageFilteringApp.app */;
			productType = "com.apple.product-type.application";
		};
		CBF4C8B122273EE600CDF6F9 /* MessageFilteringExtension */ = {
			isa = PBXNativeTarget;
			buildConfigurationList = CBF4C8BA22273EE600CDF6F9 /* Build configuration list for PBXNativeTarget "MessageFilteringExtension" */;
			buildPhases = (
				CBF4C8AE22273EE600CDF6F9 /* Sources */,
				CBF4C8AF22273EE600CDF6F9 /* Frameworks */,
				CBF4C8B022273EE600CDF6F9 /* Resources */,
			);
			buildRules = (
			);
			dependencies = (
			);
			name = MessageFilteringExtension;
			productName = MessageFilteringExtension;
			productReference = CBF4C8B222273EE600CDF6F9 /* MessageFilteringExtension.appex */;
			productType = "com.apple.product-type.app-extension";
		};
/* End PBXNativeTarget section */

/* Begin PBXProject section */
		CB61FF8D222304E700E21B14 /* Project object */ = {
			isa = PBXProject;
			attributes = {
				LastSwiftUpdateCheck = 1010;
				LastUpgradeCheck = 1020;
				ORGANIZATIONNAME = killobatt;
				TargetAttributes = {
					CB2ED11A22EA47AA008F0C91 = {
						CreatedOnToolsVersion = 10.2;
					};
					CB61FF95222304E700E21B14 = {
						CreatedOnToolsVersion = 10.1;
						LastSwiftMigration = 1020;
					};
					CBDFC9C32229F15D00C5E282 = {
						CreatedOnToolsVersion = 10.1;
					};
					CBDFCA34222A937700C5E282 = {
						CreatedOnToolsVersion = 10.1;
						LastSwiftMigration = 1020;
					};
					CBF4C8462225EA9800CDF6F9 = {
						CreatedOnToolsVersion = 10.1;
						LastSwiftMigration = 1020;
					};
					CBF4C8522225EAB000CDF6F9 = {
						CreatedOnToolsVersion = 10.1;
						LastSwiftMigration = 1020;
					};
					CBF4C89B22273ECA00CDF6F9 = {
						CreatedOnToolsVersion = 10.1;
						LastSwiftMigration = 1020;
					};
					CBF4C8B122273EE600CDF6F9 = {
						CreatedOnToolsVersion = 10.1;
						LastSwiftMigration = 1020;
					};
				};
			};
			buildConfigurationList = CB61FF90222304E700E21B14 /* Build configuration list for PBXProject "TextClassification" */;
			compatibilityVersion = "Xcode 9.3";
			developmentRegion = en;
			hasScannedForEncodings = 0;
			knownRegions = (
				en,
				Base,
			);
			mainGroup = CB61FF8C222304E700E21B14;
			productRefGroup = CB61FF97222304E700E21B14 /* Products */;
			projectDirPath = "";
			projectRoot = "";
			targets = (
				CB61FF95222304E700E21B14 /* TextClassification */,
				CBF4C8462225EA9800CDF6F9 /* TextClassificationMacOS */,
				CBF4C8522225EAB000CDF6F9 /* TextClassificationMacOSTests */,
				CBF4C89B22273ECA00CDF6F9 /* MessageFilteringApp */,
				CBF4C8B122273EE600CDF6F9 /* MessageFilteringExtension */,
				CBDFC9C32229F15D00C5E282 /* MemoryMappedCollections */,
				CB2ED11A22EA47AA008F0C91 /* MemoryMappedCollectionsMacOS */,
				CBDFCA34222A937700C5E282 /* MemoryMappedCollectionsTests */,
			);
		};
/* End PBXProject section */

/* Begin PBXResourcesBuildPhase section */
		CB2ED11922EA47AA008F0C91 /* Resources */ = {
			isa = PBXResourcesBuildPhase;
			buildActionMask = 2147483647;
			files = (
				CB2ED12922EA4860008F0C91 /* schema.fbs in Resources */,
			);
			runOnlyForDeploymentPostprocessing = 0;
		};
		CB61FF94222304E700E21B14 /* Resources */ = {
			isa = PBXResourcesBuildPhase;
			buildActionMask = 2147483647;
			files = (
			);
			runOnlyForDeploymentPostprocessing = 0;
		};
		CBDFC9C22229F15D00C5E282 /* Resources */ = {
			isa = PBXResourcesBuildPhase;
			buildActionMask = 2147483647;
			files = (
				CBDFC9E6222A79DB00C5E282 /* schema.fbs in Resources */,
			);
			runOnlyForDeploymentPostprocessing = 0;
		};
		CBDFCA33222A937700C5E282 /* Resources */ = {
			isa = PBXResourcesBuildPhase;
			buildActionMask = 2147483647;
			files = (
			);
			runOnlyForDeploymentPostprocessing = 0;
		};
		CBF4C8452225EA9800CDF6F9 /* Resources */ = {
			isa = PBXResourcesBuildPhase;
			buildActionMask = 2147483647;
			files = (
			);
			runOnlyForDeploymentPostprocessing = 0;
		};
		CBF4C8512225EAB000CDF6F9 /* Resources */ = {
			isa = PBXResourcesBuildPhase;
			buildActionMask = 2147483647;
			files = (
				CBF4C87A2225F20C00CDF6F9 /* spamer.db in Resources */,
			);
			runOnlyForDeploymentPostprocessing = 0;
		};
		CBF4C89A22273ECA00CDF6F9 /* Resources */ = {
			isa = PBXResourcesBuildPhase;
			buildActionMask = 2147483647;
			files = (
				CBF4C8A922273ECC00CDF6F9 /* LaunchScreen.storyboard in Resources */,
				CBF4C8A622273ECC00CDF6F9 /* Assets.xcassets in Resources */,
				CBF4C8E42228A84500CDF6F9 /* NaiveBayes.model in Resources */,
				CBDFCA54222AA64300C5E282 /* MemoryMappedBayes.model in Resources */,
				CBF4C8A422273ECA00CDF6F9 /* Main.storyboard in Resources */,
			);
			runOnlyForDeploymentPostprocessing = 0;
		};
		CBF4C8B022273EE600CDF6F9 /* Resources */ = {
			isa = PBXResourcesBuildPhase;
			buildActionMask = 2147483647;
			files = (
				CBDFCA53222AA64200C5E282 /* MemoryMappedBayes.model in Resources */,
				CBF4C8E52228A84500CDF6F9 /* NaiveBayes.model in Resources */,
			);
			runOnlyForDeploymentPostprocessing = 0;
		};
/* End PBXResourcesBuildPhase section */

/* Begin PBXShellScriptBuildPhase section */
		CB61FFB52223164800E21B14 /* Copy Carthage Frameworks */ = {
			isa = PBXShellScriptBuildPhase;
			buildActionMask = 2147483647;
			files = (
			);
			inputFileListPaths = (
			);
			inputPaths = (
				"$(SRCROOT)/Carthage/Build/iOS/SQLite.framework",
			);
			name = "Copy Carthage Frameworks";
			outputFileListPaths = (
			);
			outputPaths = (
				"$(BUILT_PRODUCTS_DIR)/$(FRAMEWORKS_FOLDER_PATH)/SQLite.framework",
			);
			runOnlyForDeploymentPostprocessing = 0;
			shellPath = /bin/sh;
			shellScript = "/usr/local/bin/carthage copy-frameworks\n";
		};
		CBF4C8622225EB3B00CDF6F9 /* Copy Carthage Frameworks */ = {
			isa = PBXShellScriptBuildPhase;
			buildActionMask = 2147483647;
			files = (
			);
			inputFileListPaths = (
			);
			inputPaths = (
				"$(SRCROOT)/Carthage/Build/Mac/SQLite.framework",
			);
			name = "Copy Carthage Frameworks";
			outputFileListPaths = (
			);
			outputPaths = (
				"$(BUILT_PRODUCTS_DIR)/$(FRAMEWORKS_FOLDER_PATH)/SQLite.framework",
			);
			runOnlyForDeploymentPostprocessing = 0;
			shellPath = /bin/sh;
			shellScript = "/usr/local/bin/carthage copy-frameworks\n";
		};
/* End PBXShellScriptBuildPhase section */

/* Begin PBXSourcesBuildPhase section */
		CB2ED11722EA47AA008F0C91 /* Sources */ = {
			isa = PBXSourcesBuildPhase;
			buildActionMask = 2147483647;
			files = (
				CB2ED12722EA4858008F0C91 /* MMStringIntDictionaryBuilder.mm in Sources */,
				CB2ED12522EA4852008F0C91 /* MMStringIntDictionary.mm in Sources */,
			);
			runOnlyForDeploymentPostprocessing = 0;
		};
		CB61FF92222304E700E21B14 /* Sources */ = {
			isa = PBXSourcesBuildPhase;
			buildActionMask = 2147483647;
			files = (
				CB61FFBD22232F8300E21B14 /* SQLiteDataset.swift in Sources */,
				CBF4C88222271CFC00CDF6F9 /* RAMDataset.swift in Sources */,
				CB61FFD4222525E200E21B14 /* CoreMLClassifier.swift in Sources */,
				CB61FFB72223180200E21B14 /* Dataset.swift in Sources */,
				CBF4C89022271FAD00CDF6F9 /* TrivialPreprocessor.swift in Sources */,
				CBF4C88B22271F0A00CDF6F9 /* Preprocessor.swift in Sources */,
				CB61FFC9222335B500E21B14 /* LanguageRecognizerClassifier.swift in Sources */,
				CBF4C8F52229E6DA00CDF6F9 /* MemoryMappedNaiveBayesClassifier.swift in Sources */,
				CBDFCA57222ADFB400C5E282 /* AdvancedPreprocessor.swift in Sources */,
				CB61FFC42223313E00E21B14 /* TextClassifier.swift in Sources */,
				CBF4C88622271DDD00CDF6F9 /* NaiveBayesClassifier.swift in Sources */,
			);
			runOnlyForDeploymentPostprocessing = 0;
		};
		CBDFC9C02229F15D00C5E282 /* Sources */ = {
			isa = PBXSourcesBuildPhase;
			buildActionMask = 2147483647;
			files = (
				CBDFCA30222A8DEA00C5E282 /* MMStringIntDictionaryBuilder.mm in Sources */,
				CBDFC9EC222A7D8B00C5E282 /* MMStringIntDictionary.mm in Sources */,
			);
			runOnlyForDeploymentPostprocessing = 0;
		};
		CBDFCA31222A937700C5E282 /* Sources */ = {
			isa = PBXSourcesBuildPhase;
			buildActionMask = 2147483647;
			files = (
				CBDFCA43222A938F00C5E282 /* MMStringIntDictionaryTests.swift in Sources */,
			);
			runOnlyForDeploymentPostprocessing = 0;
		};
		CBF4C8432225EA9800CDF6F9 /* Sources */ = {
			isa = PBXSourcesBuildPhase;
			buildActionMask = 2147483647;
			files = (
				CBF4C88522271DDC00CDF6F9 /* NaiveBayesClassifier.swift in Sources */,
				CBF4C88E22271F8900CDF6F9 /* TrivialPreprocessor.swift in Sources */,
				CBF4C86F2225EC9500CDF6F9 /* CoreMLClassifier+CreateML.swift in Sources */,
				CBF4C88A22271F0900CDF6F9 /* Preprocessor.swift in Sources */,
				CBF4C87F2226878800CDF6F9 /* RAMDataset.swift in Sources */,
				CBF4C8642225EBCC00CDF6F9 /* SQLiteDataset.swift in Sources */,
				CBF4C8672225EBCC00CDF6F9 /* CoreMLClassifier.swift in Sources */,
				CBDFCA58222ADFB500C5E282 /* AdvancedPreprocessor.swift in Sources */,
				CBF4C86A2225EC2000CDF6F9 /* Dataset+MLDataTable.swift in Sources */,
				CBF4C8632225EBCC00CDF6F9 /* Dataset.swift in Sources */,
				CBDFCA4C222A99B200C5E282 /* MemoryMappedNaiveBayesClassifier.swift in Sources */,
				CBF4C8662225EBCC00CDF6F9 /* LanguageRecognizerClassifier.swift in Sources */,
				CBF4C8652225EBCC00CDF6F9 /* TextClassifier.swift in Sources */,
			);
			runOnlyForDeploymentPostprocessing = 0;
		};
		CBF4C84F2225EAB000CDF6F9 /* Sources */ = {
			isa = PBXSourcesBuildPhase;
			buildActionMask = 2147483647;
			files = (
				CBF4C8792225F20C00CDF6F9 /* TextClassifierExtensions.swift in Sources */,
				CBDFCA5C222AE54B00C5E282 /* TrivialPreprocessorTests.swift in Sources */,
				CBF4C89622272F6700CDF6F9 /* CoreMLClassifier+CreateMLTests.swift in Sources */,
				CBF4C8772225F20C00CDF6F9 /* TestResults.swift in Sources */,
				CBF4C89422272F6700CDF6F9 /* SQLiteDatasetTests.swift in Sources */,
				CBF4C8762225F20B00CDF6F9 /* TestDatasets.swift in Sources */,
				CBF4C89522272F6700CDF6F9 /* LanguageRecognizerClassifierTests.swift in Sources */,
				CBF4C87C2225F23200CDF6F9 /* BaseClassifierTestCase.swift in Sources */,
				CBDFCA4F222AA27000C5E282 /* MemoryMappedNaiveBayesClassifierTests.swift in Sources */,
				CBF4C89722272F6700CDF6F9 /* NaiveBayesClassifierTests.swift in Sources */,
				CBDFCA5F222AE6E600C5E282 /* AdvancedPreprocessorTests.swift in Sources */,
				CBF4C8782225F20C00CDF6F9 /* TestBundleSettings.swift in Sources */,
			);
			runOnlyForDeploymentPostprocessing = 0;
		};
		CBF4C89822273ECA00CDF6F9 /* Sources */ = {
			isa = PBXSourcesBuildPhase;
			buildActionMask = 2147483647;
			files = (
				CBF4C8C922289E4200CDF6F9 /* ClassifiersComparisonViewController.swift in Sources */,
				CBF4C8CD22289E6F00CDF6F9 /* ClassifierComparisonTextInputCell.swift in Sources */,
				CBF4C8D72228A16E00CDF6F9 /* ClassificationComparisonModel.swift in Sources */,
				CBF4C8D322289F2400CDF6F9 /* ClassifierComparisonResultCell.swift in Sources */,
				CBF4C89F22273ECA00CDF6F9 /* AppDelegate.swift in Sources */,
				CBF4C8E12228A2ED00CDF6F9 /* CoreMLLanguageClassifier.mlmodel in Sources */,
			);
			runOnlyForDeploymentPostprocessing = 0;
		};
		CBF4C8AE22273EE600CDF6F9 /* Sources */ = {
			isa = PBXSourcesBuildPhase;
			buildActionMask = 2147483647;
			files = (
				CBF4C8B522273EE600CDF6F9 /* MessageFilterExtension.swift in Sources */,
				CBF4C8E22228A2ED00CDF6F9 /* CoreMLLanguageClassifier.mlmodel in Sources */,
			);
			runOnlyForDeploymentPostprocessing = 0;
		};
/* End PBXSourcesBuildPhase section */

/* Begin PBXTargetDependency section */
		CB2ED13922EA48EE008F0C91 /* PBXTargetDependency */ = {
			isa = PBXTargetDependency;
			target = CB2ED11A22EA47AA008F0C91 /* MemoryMappedCollectionsMacOS */;
			targetProxy = CB2ED13822EA48EE008F0C91 /* PBXContainerItemProxy */;
		};
		CBDFC9D82229F15E00C5E282 /* PBXTargetDependency */ = {
			isa = PBXTargetDependency;
			target = CBDFC9C32229F15D00C5E282 /* MemoryMappedCollections */;
			targetProxy = CBDFC9D72229F15E00C5E282 /* PBXContainerItemProxy */;
		};
		CBDFCA3C222A937700C5E282 /* PBXTargetDependency */ = {
			isa = PBXTargetDependency;
			target = CBDFC9C32229F15D00C5E282 /* MemoryMappedCollections */;
			targetProxy = CBDFCA3B222A937700C5E282 /* PBXContainerItemProxy */;
		};
		CBDFCA47222A98B500C5E282 /* PBXTargetDependency */ = {
			isa = PBXTargetDependency;
			target = CBDFC9C32229F15D00C5E282 /* MemoryMappedCollections */;
			targetProxy = CBDFCA46222A98B500C5E282 /* PBXContainerItemProxy */;
		};
		CBF4C85A2225EAB000CDF6F9 /* PBXTargetDependency */ = {
			isa = PBXTargetDependency;
			target = CBF4C8462225EA9800CDF6F9 /* TextClassificationMacOS */;
			targetProxy = CBF4C8592225EAB000CDF6F9 /* PBXContainerItemProxy */;
		};
		CBF4C8B822273EE600CDF6F9 /* PBXTargetDependency */ = {
			isa = PBXTargetDependency;
			target = CBF4C8B122273EE600CDF6F9 /* MessageFilteringExtension */;
			targetProxy = CBF4C8B722273EE600CDF6F9 /* PBXContainerItemProxy */;
		};
		CBF4C8EC2229DDF200CDF6F9 /* PBXTargetDependency */ = {
			isa = PBXTargetDependency;
			target = CB61FF95222304E700E21B14 /* TextClassification */;
			targetProxy = CBF4C8EB2229DDF200CDF6F9 /* PBXContainerItemProxy */;
		};
/* End PBXTargetDependency section */

/* Begin PBXVariantGroup section */
		CBF4C8A222273ECA00CDF6F9 /* Main.storyboard */ = {
			isa = PBXVariantGroup;
			children = (
				CBF4C8A322273ECA00CDF6F9 /* Base */,
			);
			name = Main.storyboard;
			sourceTree = "<group>";
		};
		CBF4C8A722273ECC00CDF6F9 /* LaunchScreen.storyboard */ = {
			isa = PBXVariantGroup;
			children = (
				CBF4C8A822273ECC00CDF6F9 /* Base */,
			);
			name = LaunchScreen.storyboard;
			sourceTree = "<group>";
		};
/* End PBXVariantGroup section */

/* Begin XCBuildConfiguration section */
		CB2ED12122EA47AA008F0C91 /* Debug */ = {
			isa = XCBuildConfiguration;
			buildSettings = {
				CLANG_WARN_DOCUMENTATION_COMMENTS = NO;
				CODE_SIGN_IDENTITY = "";
				CODE_SIGN_STYLE = Automatic;
				COMBINE_HIDPI_IMAGES = YES;
				DEFINES_MODULE = YES;
				DEVELOPMENT_TEAM = EWA2VG7634;
				DYLIB_COMPATIBILITY_VERSION = 1;
				DYLIB_CURRENT_VERSION = 1;
				DYLIB_INSTALL_NAME_BASE = "@rpath";
				FRAMEWORK_VERSION = A;
				INFOPLIST_FILE = MemoryMappedCollectionsMacOS/Info.plist;
				INSTALL_PATH = "$(LOCAL_LIBRARY_DIR)/Frameworks";
				LD_RUNPATH_SEARCH_PATHS = (
					"$(inherited)",
					"@executable_path/../Frameworks",
					"@loader_path/Frameworks",
				);
				MACOSX_DEPLOYMENT_TARGET = 10.14;
				PRODUCT_BUNDLE_IDENTIFIER = com.killobatt.MemoryMappedCollectionsMacOS;
				PRODUCT_NAME = MemoryMappedCollections;
				SDKROOT = macosx;
				SKIP_INSTALL = YES;
			};
			name = Debug;
		};
		CB2ED12222EA47AA008F0C91 /* Release */ = {
			isa = XCBuildConfiguration;
			buildSettings = {
				CLANG_WARN_DOCUMENTATION_COMMENTS = NO;
				CODE_SIGN_IDENTITY = "";
				CODE_SIGN_STYLE = Automatic;
				COMBINE_HIDPI_IMAGES = YES;
				DEFINES_MODULE = YES;
				DEVELOPMENT_TEAM = EWA2VG7634;
				DYLIB_COMPATIBILITY_VERSION = 1;
				DYLIB_CURRENT_VERSION = 1;
				DYLIB_INSTALL_NAME_BASE = "@rpath";
				FRAMEWORK_VERSION = A;
				INFOPLIST_FILE = MemoryMappedCollectionsMacOS/Info.plist;
				INSTALL_PATH = "$(LOCAL_LIBRARY_DIR)/Frameworks";
				LD_RUNPATH_SEARCH_PATHS = (
					"$(inherited)",
					"@executable_path/../Frameworks",
					"@loader_path/Frameworks",
				);
				MACOSX_DEPLOYMENT_TARGET = 10.14;
				PRODUCT_BUNDLE_IDENTIFIER = com.killobatt.MemoryMappedCollectionsMacOS;
				PRODUCT_NAME = MemoryMappedCollections;
				SDKROOT = macosx;
				SKIP_INSTALL = YES;
			};
			name = Release;
		};
		CB61FFA8222304E700E21B14 /* Debug */ = {
			isa = XCBuildConfiguration;
			buildSettings = {
				ALWAYS_SEARCH_USER_PATHS = NO;
				CLANG_ANALYZER_NONNULL = YES;
				CLANG_ANALYZER_NUMBER_OBJECT_CONVERSION = YES_AGGRESSIVE;
				CLANG_CXX_LANGUAGE_STANDARD = "gnu++14";
				CLANG_CXX_LIBRARY = "libc++";
				CLANG_ENABLE_MODULES = YES;
				CLANG_ENABLE_OBJC_ARC = YES;
				CLANG_ENABLE_OBJC_WEAK = YES;
				CLANG_WARN_BLOCK_CAPTURE_AUTORELEASING = YES;
				CLANG_WARN_BOOL_CONVERSION = YES;
				CLANG_WARN_COMMA = YES;
				CLANG_WARN_CONSTANT_CONVERSION = YES;
				CLANG_WARN_DEPRECATED_OBJC_IMPLEMENTATIONS = YES;
				CLANG_WARN_DIRECT_OBJC_ISA_USAGE = YES_ERROR;
				CLANG_WARN_DOCUMENTATION_COMMENTS = YES;
				CLANG_WARN_EMPTY_BODY = YES;
				CLANG_WARN_ENUM_CONVERSION = YES;
				CLANG_WARN_INFINITE_RECURSION = YES;
				CLANG_WARN_INT_CONVERSION = YES;
				CLANG_WARN_NON_LITERAL_NULL_CONVERSION = YES;
				CLANG_WARN_OBJC_IMPLICIT_RETAIN_SELF = YES;
				CLANG_WARN_OBJC_LITERAL_CONVERSION = YES;
				CLANG_WARN_OBJC_ROOT_CLASS = YES_ERROR;
				CLANG_WARN_RANGE_LOOP_ANALYSIS = YES;
				CLANG_WARN_STRICT_PROTOTYPES = YES;
				CLANG_WARN_SUSPICIOUS_MOVE = YES;
				CLANG_WARN_UNGUARDED_AVAILABILITY = YES_AGGRESSIVE;
				CLANG_WARN_UNREACHABLE_CODE = YES;
				CLANG_WARN__DUPLICATE_METHOD_MATCH = YES;
				CODE_SIGN_IDENTITY = "iPhone Developer";
				COPY_PHASE_STRIP = NO;
				CURRENT_PROJECT_VERSION = 1;
				DEBUG_INFORMATION_FORMAT = dwarf;
				ENABLE_STRICT_OBJC_MSGSEND = YES;
				ENABLE_TESTABILITY = YES;
				GCC_C_LANGUAGE_STANDARD = gnu11;
				GCC_DYNAMIC_NO_PIC = NO;
				GCC_NO_COMMON_BLOCKS = YES;
				GCC_OPTIMIZATION_LEVEL = 0;
				GCC_PREPROCESSOR_DEFINITIONS = (
					"DEBUG=1",
					"$(inherited)",
				);
				GCC_WARN_64_TO_32_BIT_CONVERSION = YES;
				GCC_WARN_ABOUT_RETURN_TYPE = YES_ERROR;
				GCC_WARN_UNDECLARED_SELECTOR = YES;
				GCC_WARN_UNINITIALIZED_AUTOS = YES_AGGRESSIVE;
				GCC_WARN_UNUSED_FUNCTION = YES;
				GCC_WARN_UNUSED_VARIABLE = YES;
				IPHONEOS_DEPLOYMENT_TARGET = 12.1;
				MTL_ENABLE_DEBUG_INFO = INCLUDE_SOURCE;
				MTL_FAST_MATH = YES;
				ONLY_ACTIVE_ARCH = YES;
				SDKROOT = iphoneos;
				SWIFT_ACTIVE_COMPILATION_CONDITIONS = DEBUG;
				SWIFT_OPTIMIZATION_LEVEL = "-Onone";
				VERSIONING_SYSTEM = "apple-generic";
				VERSION_INFO_PREFIX = "";
			};
			name = Debug;
		};
		CB61FFA9222304E700E21B14 /* Release */ = {
			isa = XCBuildConfiguration;
			buildSettings = {
				ALWAYS_SEARCH_USER_PATHS = NO;
				CLANG_ANALYZER_NONNULL = YES;
				CLANG_ANALYZER_NUMBER_OBJECT_CONVERSION = YES_AGGRESSIVE;
				CLANG_CXX_LANGUAGE_STANDARD = "gnu++14";
				CLANG_CXX_LIBRARY = "libc++";
				CLANG_ENABLE_MODULES = YES;
				CLANG_ENABLE_OBJC_ARC = YES;
				CLANG_ENABLE_OBJC_WEAK = YES;
				CLANG_WARN_BLOCK_CAPTURE_AUTORELEASING = YES;
				CLANG_WARN_BOOL_CONVERSION = YES;
				CLANG_WARN_COMMA = YES;
				CLANG_WARN_CONSTANT_CONVERSION = YES;
				CLANG_WARN_DEPRECATED_OBJC_IMPLEMENTATIONS = YES;
				CLANG_WARN_DIRECT_OBJC_ISA_USAGE = YES_ERROR;
				CLANG_WARN_DOCUMENTATION_COMMENTS = YES;
				CLANG_WARN_EMPTY_BODY = YES;
				CLANG_WARN_ENUM_CONVERSION = YES;
				CLANG_WARN_INFINITE_RECURSION = YES;
				CLANG_WARN_INT_CONVERSION = YES;
				CLANG_WARN_NON_LITERAL_NULL_CONVERSION = YES;
				CLANG_WARN_OBJC_IMPLICIT_RETAIN_SELF = YES;
				CLANG_WARN_OBJC_LITERAL_CONVERSION = YES;
				CLANG_WARN_OBJC_ROOT_CLASS = YES_ERROR;
				CLANG_WARN_RANGE_LOOP_ANALYSIS = YES;
				CLANG_WARN_STRICT_PROTOTYPES = YES;
				CLANG_WARN_SUSPICIOUS_MOVE = YES;
				CLANG_WARN_UNGUARDED_AVAILABILITY = YES_AGGRESSIVE;
				CLANG_WARN_UNREACHABLE_CODE = YES;
				CLANG_WARN__DUPLICATE_METHOD_MATCH = YES;
				CODE_SIGN_IDENTITY = "iPhone Developer";
				COPY_PHASE_STRIP = NO;
				CURRENT_PROJECT_VERSION = 1;
				DEBUG_INFORMATION_FORMAT = "dwarf-with-dsym";
				ENABLE_NS_ASSERTIONS = NO;
				ENABLE_STRICT_OBJC_MSGSEND = YES;
				GCC_C_LANGUAGE_STANDARD = gnu11;
				GCC_NO_COMMON_BLOCKS = YES;
				GCC_WARN_64_TO_32_BIT_CONVERSION = YES;
				GCC_WARN_ABOUT_RETURN_TYPE = YES_ERROR;
				GCC_WARN_UNDECLARED_SELECTOR = YES;
				GCC_WARN_UNINITIALIZED_AUTOS = YES_AGGRESSIVE;
				GCC_WARN_UNUSED_FUNCTION = YES;
				GCC_WARN_UNUSED_VARIABLE = YES;
				IPHONEOS_DEPLOYMENT_TARGET = 12.1;
				MTL_ENABLE_DEBUG_INFO = NO;
				MTL_FAST_MATH = YES;
				SDKROOT = iphoneos;
				SWIFT_COMPILATION_MODE = wholemodule;
				SWIFT_OPTIMIZATION_LEVEL = "-O";
				VALIDATE_PRODUCT = YES;
				VERSIONING_SYSTEM = "apple-generic";
				VERSION_INFO_PREFIX = "";
			};
			name = Release;
		};
		CB61FFAB222304E700E21B14 /* Debug */ = {
			isa = XCBuildConfiguration;
			buildSettings = {
				APPLICATION_EXTENSION_API_ONLY = YES;
				CLANG_ENABLE_MODULES = YES;
				CODE_SIGN_IDENTITY = "";
				CODE_SIGN_STYLE = Automatic;
				DEFINES_MODULE = YES;
				DEVELOPMENT_TEAM = EWA2VG7634;
				DYLIB_COMPATIBILITY_VERSION = 1;
				DYLIB_CURRENT_VERSION = 1;
				DYLIB_INSTALL_NAME_BASE = "@rpath";
				FRAMEWORK_SEARCH_PATHS = (
					"$(inherited)",
					"$(PROJECT_DIR)/Carthage/Build/iOS",
				);
				INFOPLIST_FILE = TextClassification/Info.plist;
				INSTALL_PATH = "$(LOCAL_LIBRARY_DIR)/Frameworks";
				LD_RUNPATH_SEARCH_PATHS = (
					"$(inherited)",
					"@executable_path/Frameworks",
					"@loader_path/Frameworks",
				);
				PRODUCT_BUNDLE_IDENTIFIER = com.killobatt.TextClassification;
				PRODUCT_NAME = "$(TARGET_NAME:c99extidentifier)";
				SKIP_INSTALL = YES;
				SWIFT_OPTIMIZATION_LEVEL = "-Onone";
				SWIFT_VERSION = 5.0;
				TARGETED_DEVICE_FAMILY = "1,2";
			};
			name = Debug;
		};
		CB61FFAC222304E700E21B14 /* Release */ = {
			isa = XCBuildConfiguration;
			buildSettings = {
				APPLICATION_EXTENSION_API_ONLY = YES;
				CLANG_ENABLE_MODULES = YES;
				CODE_SIGN_IDENTITY = "";
				CODE_SIGN_STYLE = Automatic;
				DEFINES_MODULE = YES;
				DEVELOPMENT_TEAM = EWA2VG7634;
				DYLIB_COMPATIBILITY_VERSION = 1;
				DYLIB_CURRENT_VERSION = 1;
				DYLIB_INSTALL_NAME_BASE = "@rpath";
				FRAMEWORK_SEARCH_PATHS = (
					"$(inherited)",
					"$(PROJECT_DIR)/Carthage/Build/iOS",
				);
				INFOPLIST_FILE = TextClassification/Info.plist;
				INSTALL_PATH = "$(LOCAL_LIBRARY_DIR)/Frameworks";
				LD_RUNPATH_SEARCH_PATHS = (
					"$(inherited)",
					"@executable_path/Frameworks",
					"@loader_path/Frameworks",
				);
				PRODUCT_BUNDLE_IDENTIFIER = com.killobatt.TextClassification;
				PRODUCT_NAME = "$(TARGET_NAME:c99extidentifier)";
				SKIP_INSTALL = YES;
				SWIFT_VERSION = 5.0;
				TARGETED_DEVICE_FAMILY = "1,2";
			};
			name = Release;
		};
		CBDFC9DB2229F15E00C5E282 /* Debug */ = {
			isa = XCBuildConfiguration;
			buildSettings = {
				APPLICATION_EXTENSION_API_ONLY = YES;
				CLANG_WARN_DOCUMENTATION_COMMENTS = NO;
				CODE_SIGN_IDENTITY = "";
				CODE_SIGN_STYLE = Automatic;
				DEFINES_MODULE = YES;
				DEVELOPMENT_TEAM = EWA2VG7634;
				DYLIB_COMPATIBILITY_VERSION = 1;
				DYLIB_CURRENT_VERSION = 1;
				DYLIB_INSTALL_NAME_BASE = "@rpath";
				INFOPLIST_FILE = MemoryMappedCollections/Info.plist;
				INSTALL_PATH = "$(LOCAL_LIBRARY_DIR)/Frameworks";
				LD_RUNPATH_SEARCH_PATHS = (
					"$(inherited)",
					"@executable_path/Frameworks",
					"@loader_path/Frameworks",
				);
				PRODUCT_BUNDLE_IDENTIFIER = com.killobatt.MemoryMappedCollections;
				PRODUCT_NAME = "$(TARGET_NAME:c99extidentifier)";
				SKIP_INSTALL = YES;
				SUPPORTED_PLATFORMS = "iphonesimulator iphoneos";
				TARGETED_DEVICE_FAMILY = "1,2";
			};
			name = Debug;
		};
		CBDFC9DC2229F15E00C5E282 /* Release */ = {
			isa = XCBuildConfiguration;
			buildSettings = {
				APPLICATION_EXTENSION_API_ONLY = YES;
				CLANG_WARN_DOCUMENTATION_COMMENTS = NO;
				CODE_SIGN_IDENTITY = "";
				CODE_SIGN_STYLE = Automatic;
				DEFINES_MODULE = YES;
				DEVELOPMENT_TEAM = EWA2VG7634;
				DYLIB_COMPATIBILITY_VERSION = 1;
				DYLIB_CURRENT_VERSION = 1;
				DYLIB_INSTALL_NAME_BASE = "@rpath";
				INFOPLIST_FILE = MemoryMappedCollections/Info.plist;
				INSTALL_PATH = "$(LOCAL_LIBRARY_DIR)/Frameworks";
				LD_RUNPATH_SEARCH_PATHS = (
					"$(inherited)",
					"@executable_path/Frameworks",
					"@loader_path/Frameworks",
				);
				PRODUCT_BUNDLE_IDENTIFIER = com.killobatt.MemoryMappedCollections;
				PRODUCT_NAME = "$(TARGET_NAME:c99extidentifier)";
				SKIP_INSTALL = YES;
				SUPPORTED_PLATFORMS = "iphonesimulator iphoneos";
				TARGETED_DEVICE_FAMILY = "1,2";
			};
			name = Release;
		};
		CBDFCA3E222A937700C5E282 /* Debug */ = {
			isa = XCBuildConfiguration;
			buildSettings = {
				CODE_SIGN_STYLE = Automatic;
				DEVELOPMENT_TEAM = EWA2VG7634;
				INFOPLIST_FILE = MemoryMappedCollectionsTests/Info.plist;
				LD_RUNPATH_SEARCH_PATHS = (
					"$(inherited)",
					"@executable_path/Frameworks",
					"@loader_path/Frameworks",
				);
				PRODUCT_BUNDLE_IDENTIFIER = com.killobatt.MemoryMappedCollectionsTests;
				PRODUCT_NAME = "$(TARGET_NAME)";
				SWIFT_VERSION = 5.0;
				TARGETED_DEVICE_FAMILY = "1,2";
			};
			name = Debug;
		};
		CBDFCA3F222A937700C5E282 /* Release */ = {
			isa = XCBuildConfiguration;
			buildSettings = {
				CODE_SIGN_STYLE = Automatic;
				DEVELOPMENT_TEAM = EWA2VG7634;
				INFOPLIST_FILE = MemoryMappedCollectionsTests/Info.plist;
				LD_RUNPATH_SEARCH_PATHS = (
					"$(inherited)",
					"@executable_path/Frameworks",
					"@loader_path/Frameworks",
				);
				PRODUCT_BUNDLE_IDENTIFIER = com.killobatt.MemoryMappedCollectionsTests;
				PRODUCT_NAME = "$(TARGET_NAME)";
				SWIFT_VERSION = 5.0;
				TARGETED_DEVICE_FAMILY = "1,2";
			};
			name = Release;
		};
		CBF4C84D2225EA9900CDF6F9 /* Debug */ = {
			isa = XCBuildConfiguration;
			buildSettings = {
				CODE_SIGN_IDENTITY = "-";
				CODE_SIGN_STYLE = Automatic;
				COMBINE_HIDPI_IMAGES = YES;
				DEFINES_MODULE = YES;
				DYLIB_COMPATIBILITY_VERSION = 1;
				DYLIB_CURRENT_VERSION = 1;
				DYLIB_INSTALL_NAME_BASE = "@rpath";
				FRAMEWORK_SEARCH_PATHS = (
					"$(inherited)",
					"$(PROJECT_DIR)/Carthage/Build/Mac",
				);
				FRAMEWORK_VERSION = A;
				INFOPLIST_FILE = TextClassificationMacOS/Info.plist;
				INSTALL_PATH = "$(LOCAL_LIBRARY_DIR)/Frameworks";
				LD_RUNPATH_SEARCH_PATHS = (
					"$(inherited)",
					"@executable_path/../Frameworks",
					"@loader_path/Frameworks",
				);
				MACOSX_DEPLOYMENT_TARGET = 10.14;
				PRODUCT_BUNDLE_IDENTIFIER = com.killobatt.TextClassificationMacOS;
				PRODUCT_NAME = TextClassification;
				SDKROOT = macosx;
				SKIP_INSTALL = YES;
				SWIFT_VERSION = 5.0;
			};
			name = Debug;
		};
		CBF4C84E2225EA9900CDF6F9 /* Release */ = {
			isa = XCBuildConfiguration;
			buildSettings = {
				CODE_SIGN_IDENTITY = "-";
				CODE_SIGN_STYLE = Automatic;
				COMBINE_HIDPI_IMAGES = YES;
				DEFINES_MODULE = YES;
				DYLIB_COMPATIBILITY_VERSION = 1;
				DYLIB_CURRENT_VERSION = 1;
				DYLIB_INSTALL_NAME_BASE = "@rpath";
				FRAMEWORK_SEARCH_PATHS = (
					"$(inherited)",
					"$(PROJECT_DIR)/Carthage/Build/Mac",
				);
				FRAMEWORK_VERSION = A;
				INFOPLIST_FILE = TextClassificationMacOS/Info.plist;
				INSTALL_PATH = "$(LOCAL_LIBRARY_DIR)/Frameworks";
				LD_RUNPATH_SEARCH_PATHS = (
					"$(inherited)",
					"@executable_path/../Frameworks",
					"@loader_path/Frameworks",
				);
				MACOSX_DEPLOYMENT_TARGET = 10.14;
				PRODUCT_BUNDLE_IDENTIFIER = com.killobatt.TextClassificationMacOS;
				PRODUCT_NAME = TextClassification;
				SDKROOT = macosx;
				SKIP_INSTALL = YES;
				SWIFT_VERSION = 5.0;
			};
			name = Release;
		};
		CBF4C85C2225EAB000CDF6F9 /* Debug */ = {
			isa = XCBuildConfiguration;
			buildSettings = {
				ALWAYS_EMBED_SWIFT_STANDARD_LIBRARIES = YES;
				CODE_SIGN_IDENTITY = "-";
				CODE_SIGN_STYLE = Automatic;
				COMBINE_HIDPI_IMAGES = YES;
				INFOPLIST_FILE = TextClassificationMacOSTests/Info.plist;
				LD_RUNPATH_SEARCH_PATHS = (
					"$(inherited)",
					"@executable_path/../Frameworks",
					"@loader_path/../Frameworks",
				);
				MACOSX_DEPLOYMENT_TARGET = 10.14;
				PRODUCT_BUNDLE_IDENTIFIER = com.killobatt.TextClassificationMacOSTests;
				PRODUCT_NAME = "$(TARGET_NAME)";
				SDKROOT = macosx;
				SWIFT_VERSION = 5.0;
			};
			name = Debug;
		};
		CBF4C85D2225EAB000CDF6F9 /* Release */ = {
			isa = XCBuildConfiguration;
			buildSettings = {
				ALWAYS_EMBED_SWIFT_STANDARD_LIBRARIES = YES;
				CODE_SIGN_IDENTITY = "-";
				CODE_SIGN_STYLE = Automatic;
				COMBINE_HIDPI_IMAGES = YES;
				INFOPLIST_FILE = TextClassificationMacOSTests/Info.plist;
				LD_RUNPATH_SEARCH_PATHS = (
					"$(inherited)",
					"@executable_path/../Frameworks",
					"@loader_path/../Frameworks",
				);
				MACOSX_DEPLOYMENT_TARGET = 10.14;
				PRODUCT_BUNDLE_IDENTIFIER = com.killobatt.TextClassificationMacOSTests;
				PRODUCT_NAME = "$(TARGET_NAME)";
				SDKROOT = macosx;
				SWIFT_VERSION = 5.0;
			};
			name = Release;
		};
		CBF4C8AC22273ECC00CDF6F9 /* Debug */ = {
			isa = XCBuildConfiguration;
			buildSettings = {
				ALWAYS_EMBED_SWIFT_STANDARD_LIBRARIES = YES;
				ASSETCATALOG_COMPILER_APPICON_NAME = AppIcon;
				CODE_SIGN_STYLE = Automatic;
				DEVELOPMENT_TEAM = EWA2VG7634;
				FRAMEWORK_SEARCH_PATHS = (
					"$(inherited)",
					"$(PROJECT_DIR)/Carthage/Build/iOS",
				);
				INFOPLIST_FILE = MessageFilteringApp/Info.plist;
				LD_RUNPATH_SEARCH_PATHS = (
					"$(inherited)",
					"@executable_path/Frameworks",
				);
				PRODUCT_BUNDLE_IDENTIFIER = "com.killobatt.message-filter-test";
				PRODUCT_NAME = "$(TARGET_NAME)";
				SWIFT_VERSION = 5.0;
				TARGETED_DEVICE_FAMILY = "1,2";
			};
			name = Debug;
		};
		CBF4C8AD22273ECC00CDF6F9 /* Release */ = {
			isa = XCBuildConfiguration;
			buildSettings = {
				ALWAYS_EMBED_SWIFT_STANDARD_LIBRARIES = YES;
				ASSETCATALOG_COMPILER_APPICON_NAME = AppIcon;
				CODE_SIGN_STYLE = Automatic;
				DEVELOPMENT_TEAM = EWA2VG7634;
				FRAMEWORK_SEARCH_PATHS = (
					"$(inherited)",
					"$(PROJECT_DIR)/Carthage/Build/iOS",
				);
				INFOPLIST_FILE = MessageFilteringApp/Info.plist;
				LD_RUNPATH_SEARCH_PATHS = (
					"$(inherited)",
					"@executable_path/Frameworks",
				);
				PRODUCT_BUNDLE_IDENTIFIER = "com.killobatt.message-filter-test";
				PRODUCT_NAME = "$(TARGET_NAME)";
				SWIFT_VERSION = 5.0;
				TARGETED_DEVICE_FAMILY = "1,2";
			};
			name = Release;
		};
		CBF4C8BB22273EE600CDF6F9 /* Debug */ = {
			isa = XCBuildConfiguration;
			buildSettings = {
				CODE_SIGN_STYLE = Automatic;
				DEVELOPMENT_TEAM = EWA2VG7634;
				INFOPLIST_FILE = MessageFilteringExtension/Info.plist;
				LD_RUNPATH_SEARCH_PATHS = (
					"$(inherited)",
					"@executable_path/Frameworks",
					"@executable_path/../../Frameworks",
				);
				PRODUCT_BUNDLE_IDENTIFIER = "com.killobatt.message-filter-test.extension";
				PRODUCT_NAME = "$(TARGET_NAME)";
				SKIP_INSTALL = YES;
				SWIFT_VERSION = 5.0;
				TARGETED_DEVICE_FAMILY = "1,2";
			};
			name = Debug;
		};
		CBF4C8BC22273EE600CDF6F9 /* Release */ = {
			isa = XCBuildConfiguration;
			buildSettings = {
				CODE_SIGN_STYLE = Automatic;
				DEVELOPMENT_TEAM = EWA2VG7634;
				INFOPLIST_FILE = MessageFilteringExtension/Info.plist;
				LD_RUNPATH_SEARCH_PATHS = (
					"$(inherited)",
					"@executable_path/Frameworks",
					"@executable_path/../../Frameworks",
				);
				PRODUCT_BUNDLE_IDENTIFIER = "com.killobatt.message-filter-test.extension";
				PRODUCT_NAME = "$(TARGET_NAME)";
				SKIP_INSTALL = YES;
				SWIFT_VERSION = 5.0;
				TARGETED_DEVICE_FAMILY = "1,2";
			};
			name = Release;
		};
/* End XCBuildConfiguration section */

/* Begin XCConfigurationList section */
		CB2ED12022EA47AA008F0C91 /* Build configuration list for PBXNativeTarget "MemoryMappedCollectionsMacOS" */ = {
			isa = XCConfigurationList;
			buildConfigurations = (
				CB2ED12122EA47AA008F0C91 /* Debug */,
				CB2ED12222EA47AA008F0C91 /* Release */,
			);
			defaultConfigurationIsVisible = 0;
			defaultConfigurationName = Release;
		};
		CB61FF90222304E700E21B14 /* Build configuration list for PBXProject "TextClassification" */ = {
			isa = XCConfigurationList;
			buildConfigurations = (
				CB61FFA8222304E700E21B14 /* Debug */,
				CB61FFA9222304E700E21B14 /* Release */,
			);
			defaultConfigurationIsVisible = 0;
			defaultConfigurationName = Release;
		};
		CB61FFAA222304E700E21B14 /* Build configuration list for PBXNativeTarget "TextClassification" */ = {
			isa = XCConfigurationList;
			buildConfigurations = (
				CB61FFAB222304E700E21B14 /* Debug */,
				CB61FFAC222304E700E21B14 /* Release */,
			);
			defaultConfigurationIsVisible = 0;
			defaultConfigurationName = Release;
		};
		CBDFC9DF2229F15E00C5E282 /* Build configuration list for PBXNativeTarget "MemoryMappedCollections" */ = {
			isa = XCConfigurationList;
			buildConfigurations = (
				CBDFC9DB2229F15E00C5E282 /* Debug */,
				CBDFC9DC2229F15E00C5E282 /* Release */,
			);
			defaultConfigurationIsVisible = 0;
			defaultConfigurationName = Release;
		};
		CBDFCA3D222A937700C5E282 /* Build configuration list for PBXNativeTarget "MemoryMappedCollectionsTests" */ = {
			isa = XCConfigurationList;
			buildConfigurations = (
				CBDFCA3E222A937700C5E282 /* Debug */,
				CBDFCA3F222A937700C5E282 /* Release */,
			);
			defaultConfigurationIsVisible = 0;
			defaultConfigurationName = Release;
		};
		CBF4C84C2225EA9900CDF6F9 /* Build configuration list for PBXNativeTarget "TextClassificationMacOS" */ = {
			isa = XCConfigurationList;
			buildConfigurations = (
				CBF4C84D2225EA9900CDF6F9 /* Debug */,
				CBF4C84E2225EA9900CDF6F9 /* Release */,
			);
			defaultConfigurationIsVisible = 0;
			defaultConfigurationName = Release;
		};
		CBF4C85B2225EAB000CDF6F9 /* Build configuration list for PBXNativeTarget "TextClassificationMacOSTests" */ = {
			isa = XCConfigurationList;
			buildConfigurations = (
				CBF4C85C2225EAB000CDF6F9 /* Debug */,
				CBF4C85D2225EAB000CDF6F9 /* Release */,
			);
			defaultConfigurationIsVisible = 0;
			defaultConfigurationName = Release;
		};
		CBF4C8AB22273ECC00CDF6F9 /* Build configuration list for PBXNativeTarget "MessageFilteringApp" */ = {
			isa = XCConfigurationList;
			buildConfigurations = (
				CBF4C8AC22273ECC00CDF6F9 /* Debug */,
				CBF4C8AD22273ECC00CDF6F9 /* Release */,
			);
			defaultConfigurationIsVisible = 0;
			defaultConfigurationName = Release;
		};
		CBF4C8BA22273EE600CDF6F9 /* Build configuration list for PBXNativeTarget "MessageFilteringExtension" */ = {
			isa = XCConfigurationList;
			buildConfigurations = (
				CBF4C8BB22273EE600CDF6F9 /* Debug */,
				CBF4C8BC22273EE600CDF6F9 /* Release */,
			);
			defaultConfigurationIsVisible = 0;
			defaultConfigurationName = Release;
		};
/* End XCConfigurationList section */
	};
	rootObject = CB61FF8D222304E700E21B14 /* Project object */;
}
